
Microsoft Visual Studio Solution File, Format Version 12.00
# Visual Studio 2012
Project("{930C7802-8A8C-48F9-8165-68863BCCD9DD}") = "Kean.Installer", "Kean.Installer\Kean.Installer.wixproj", "{5640E2C7-4875-4A8E-94D3-3A4929BB3F96}"
EndProject
Project("{2150E333-8FDC-42A3-9474-1A3956D46DE8}") = ".nuget", ".nuget", "{757D9757-9EC6-45B2-84A8-7437A5FD5FD2}"
	ProjectSection(SolutionItems) = preProject
		.nuget\NuGet.Config = .nuget\NuGet.Config
		.nuget\nuget.exe = .nuget\nuget.exe
		.nuget\NuGet.targets = .nuget\NuGet.targets
	EndProjectSection
EndProject
Project("{FAE04EC0-301F-11D3-BF4B-00C04F79EFBC}") = "Kean.Core", "Core\Kean.Core\Kean.Core.csproj", "{C5A4BC48-C14F-4F6B-9564-E04C0A79B7C1}"
EndProject
Project("{2150E333-8FDC-42A3-9474-1A3956D46DE8}") = "Kean", "Kean", "{FC2B19B4-4125-4EAF-BC0A-B3D9D5E6B262}"
EndProject
Project("{2150E333-8FDC-42A3-9474-1A3956D46DE8}") = "Core", "Core", "{7AD83943-7C0D-40F2-ABC7-0C82896ABA72}"
EndProject
Project("{FAE04EC0-301F-11D3-BF4B-00C04F79EFBC}") = "Kean.Core.Error", "Core\Kean.Core.Error\Kean.Core.Error.csproj", "{9EE43841-CE0C-4943-BDFF-1C5E158A0BDB}"
EndProject
Project("{FAE04EC0-301F-11D3-BF4B-00C04F79EFBC}") = "Kean.Core.Collection", "Core\Kean.Core.Collection\Kean.Core.Collection.csproj", "{964EE8EB-6A7E-4B62-BDBC-37A29E9C0E3B}"
EndProject
Project("{FAE04EC0-301F-11D3-BF4B-00C04F79EFBC}") = "Kean.Core.Parallel", "Core\Kean.Core.Parallel\Kean.Core.Parallel.csproj", "{8B708CFE-DABA-40D5-8830-4C0D67DAE732}"
EndProject
Project("{FAE04EC0-301F-11D3-BF4B-00C04F79EFBC}") = "Kean.Core.Uri", "Core\Kean.Core.Uri\Kean.Core.Uri.csproj", "{7E58819E-BCDE-4194-8A83-E8E6E3D050F9}"
EndProject
Project("{FAE04EC0-301F-11D3-BF4B-00C04F79EFBC}") = "Kean.Core.Reflect", "Core\Kean.Core.Reflect\Kean.Core.Reflect.csproj", "{D44CAE32-71EA-4BD9-8A41-8EC84526B596}"
EndProject
Project("{FAE04EC0-301F-11D3-BF4B-00C04F79EFBC}") = "Kean.Core.Buffer", "Core\Kean.Core.Buffer\Kean.Core.Buffer.csproj", "{AB030D3B-8B47-4545-86BA-48A8D2AFE020}"
EndProject
Project("{FAE04EC0-301F-11D3-BF4B-00C04F79EFBC}") = "Kean.Core.Recycle", "Core\Kean.Core.Recycle\Kean.Core.Recycle.csproj", "{B08CBCC8-D079-43E3-B9CC-19A5AC76E107}"
EndProject
Project("{FAE04EC0-301F-11D3-BF4B-00C04F79EFBC}") = "Kean.Core.Serialize", "Core\Kean.Core.Serialize\Kean.Core.Serialize.csproj", "{06324516-5008-4A34-9C54-041F30F5A229}"
EndProject
Project("{FAE04EC0-301F-11D3-BF4B-00C04F79EFBC}") = "Kean.Core.Notify", "Core\Kean.Core.Notify\Kean.Core.Notify.csproj", "{3874FD1C-13EB-4746-99ED-E58DE3BF8BEA}"
EndProject
Project("{2150E333-8FDC-42A3-9474-1A3956D46DE8}") = "Math", "Math", "{019B04F5-6BA2-49DB-B694-2B6109AC5E58}"
EndProject
Project("{FAE04EC0-301F-11D3-BF4B-00C04F79EFBC}") = "Kean.Math", "Math\Kean.Math\Kean.Math.csproj", "{96B4C4B4-5177-4717-9B2F-C74A0C2DF7D5}"
EndProject
Project("{FAE04EC0-301F-11D3-BF4B-00C04F79EFBC}") = "Kean.Math.Complex", "Math\Kean.Math.Complex\Kean.Math.Complex.csproj", "{164036F9-3982-4111-9283-5B323EF85579}"
EndProject
Project("{FAE04EC0-301F-11D3-BF4B-00C04F79EFBC}") = "Kean.Math.Geometry2D", "Math\Kean.Math.Geometry2D\Kean.Math.Geometry2D.csproj", "{DAF18CA8-78EA-417F-8730-0A76B0DA2563}"
EndProject
Project("{FAE04EC0-301F-11D3-BF4B-00C04F79EFBC}") = "Kean.Math.Geometry3D", "Math\Kean.Math.Geometry3D\Kean.Math.Geometry3D.csproj", "{98F827EA-9073-43FD-9131-6B2448461519}"
EndProject
Project("{FAE04EC0-301F-11D3-BF4B-00C04F79EFBC}") = "Kean.Math.Matrix", "Math\Kean.Math.Matrix\Kean.Math.Matrix.csproj", "{5CC44E3B-2D32-4DA2-BE7C-34835F41E096}"
EndProject
Project("{FAE04EC0-301F-11D3-BF4B-00C04F79EFBC}") = "Kean.Math.Random", "Math\Kean.Math.Random\Kean.Math.Random.csproj", "{AE692B68-D00E-4298-8CF5-861F537D93C0}"
EndProject
Project("{FAE04EC0-301F-11D3-BF4B-00C04F79EFBC}") = "Kean.Math.Regression", "Math\Kean.Math.Regression\Kean.Math.Regression.csproj", "{13697ABD-61C5-4EB0-B205-D5192E248CF0}"
EndProject
Project("{2150E333-8FDC-42A3-9474-1A3956D46DE8}") = "Draw", "Draw", "{E393E5D7-68BB-414B-853D-40A349F907C6}"
EndProject
Project("{FAE04EC0-301F-11D3-BF4B-00C04F79EFBC}") = "Kean.Draw", "Draw\Kean.Draw\Kean.Draw.csproj", "{375108F3-ECBF-4BF9-9161-22BBEAB6A7BC}"
EndProject
Project("{FAE04EC0-301F-11D3-BF4B-00C04F79EFBC}") = "Kean.Draw.Cairo", "Draw\Kean.Draw.Cairo\Kean.Draw.Cairo.csproj", "{B28F1997-DB42-4C6C-BAB6-0DAB9CF2F32D}"
EndProject
Project("{FAE04EC0-301F-11D3-BF4B-00C04F79EFBC}") = "Kean.Draw.OpenGL", "Draw\Kean.Draw.OpenGL\Kean.Draw.OpenGL.csproj", "{F4AC28A6-680A-4758-8E7F-BECB367123DF}"
EndProject
Project("{FAE04EC0-301F-11D3-BF4B-00C04F79EFBC}") = "Kean.Draw.Raster", "Draw\Kean.Draw.Raster\Kean.Draw.Raster.csproj", "{AB4E5E08-6B2A-4A9F-ABB3-A8F4CE73FB53}"
EndProject
Project("{FAE04EC0-301F-11D3-BF4B-00C04F79EFBC}") = "Kean.Draw.Vector", "Draw\Kean.Draw.Vector\Kean.Draw.Vector.csproj", "{78AC86D7-E801-4A76-9A8F-D167DB08387D}"
EndProject
Project("{2150E333-8FDC-42A3-9474-1A3956D46DE8}") = "Xml", "Xml", "{B45DE25E-AE56-4140-A4F6-6838A1AF3D5B}"
EndProject
Project("{FAE04EC0-301F-11D3-BF4B-00C04F79EFBC}") = "Kean.Xml", "Xml\Kean.Xml\Kean.Xml.csproj", "{6AEA339E-D930-4834-995D-301892768C10}"
EndProject
Project("{FAE04EC0-301F-11D3-BF4B-00C04F79EFBC}") = "Kean.Xml.Sax", "Xml\Kean.Xml.Sax\Kean.Xml.Sax.csproj", "{125A7070-AA9F-4A6A-A328-6B744D578885}"
EndProject
Project("{FAE04EC0-301F-11D3-BF4B-00C04F79EFBC}") = "Kean.Xml.Dom", "Xml\Kean.Xml.Dom\Kean.Xml.Dom.csproj", "{F608B80A-3195-43CE-B1F7-FBDC2F1050DA}"
EndProject
Project("{FAE04EC0-301F-11D3-BF4B-00C04F79EFBC}") = "Kean.Xml.Serialize", "Xml\Kean.Xml.Serialize\Kean.Xml.Serialize.csproj", "{967D6DB5-DC31-4A7D-8A72-DBCC5A10E5D8}"
EndProject
Project("{2150E333-8FDC-42A3-9474-1A3956D46DE8}") = "IO", "IO", "{47E7ED34-AF30-49F2-9285-AB8972C12418}"
EndProject
Project("{FAE04EC0-301F-11D3-BF4B-00C04F79EFBC}") = "Kean.IO", "IO\Kean.IO\Kean.IO.csproj", "{95FD08A5-43C8-4E1D-8291-CC8AFE459000}"
EndProject
Project("{FAE04EC0-301F-11D3-BF4B-00C04F79EFBC}") = "Kean.IO.Net", "IO\Kean.IO.Net\Kean.IO.Net.csproj", "{485C7018-3CB3-4BEB-A101-91EEE4557AEE}"
EndProject
Project("{FAE04EC0-301F-11D3-BF4B-00C04F79EFBC}") = "Kean.IO.Tap", "IO\Kean.IO.Tap\Kean.IO.Tap.csproj", "{86AD745F-7603-4777-9088-BD418818B833}"
EndProject
Project("{2150E333-8FDC-42A3-9474-1A3956D46DE8}") = "Cli", "Cli", "{2C283D5C-291D-4945-9806-A404959CAC78}"
EndProject
Project("{2150E333-8FDC-42A3-9474-1A3956D46DE8}") = "DB", "DB", "{9509EB17-E1BD-46D5-A224-39BC21CEDD53}"
EndProject
Project("{2150E333-8FDC-42A3-9474-1A3956D46DE8}") = "Platform", "Platform", "{29884333-EA92-431D-A1A8-D3C1B95A3DBE}"
EndProject
Project("{FAE04EC0-301F-11D3-BF4B-00C04F79EFBC}") = "Kean.Cli", "Cli\Kean.Cli\Kean.Cli.csproj", "{67647070-B042-4905-8F92-FF59E094E048}"
EndProject
Project("{FAE04EC0-301F-11D3-BF4B-00C04F79EFBC}") = "Kean.Cli.Argument", "Cli\Kean.Cli.Argument\Kean.Cli.Argument.csproj", "{3B4397D6-2F39-44F6-A200-3AE6454E793C}"
EndProject
Project("{FAE04EC0-301F-11D3-BF4B-00C04F79EFBC}") = "Kean.DB", "DB\Kean.DB\Kean.DB.csproj", "{72D14839-A96B-4BF7-B500-B10672ACC39B}"
EndProject
Project("{FAE04EC0-301F-11D3-BF4B-00C04F79EFBC}") = "Kean.DB.Sql", "DB\Kean.DB.Sql\Kean.DB.Sql.csproj", "{F2AE2A27-677D-46C5-B47B-ACE2CC077C47}"
EndProject
Project("{2150E333-8FDC-42A3-9474-1A3956D46DE8}") = "Json", "Json", "{42DAF458-DC87-482F-8EA0-7C9B6E8413E1}"
EndProject
Project("{FAE04EC0-301F-11D3-BF4B-00C04F79EFBC}") = "Kean.Json", "Json\Kean.Json\Kean.Json.csproj", "{24DC44ED-3CBF-4E6B-8F16-64BF8EAC3FF3}"
EndProject
Project("{FAE04EC0-301F-11D3-BF4B-00C04F79EFBC}") = "Kean.Json.Dom", "Json\Kean.Json.Dom\Kean.Json.Dom.csproj", "{B8D845C3-C12D-4123-843B-7D48B4F9DFCB}"
EndProject
Project("{FAE04EC0-301F-11D3-BF4B-00C04F79EFBC}") = "Kean.Json.Sax", "Json\Kean.Json.Sax\Kean.Json.Sax.csproj", "{012B3587-F0A8-4905-AB14-359C31F10B75}"
EndProject
Project("{FAE04EC0-301F-11D3-BF4B-00C04F79EFBC}") = "Kean.Json.Serialize", "Json\Kean.Json.Serialize\Kean.Json.Serialize.csproj", "{22349562-CCE4-43BA-BE12-54950CD3FDE6}"
EndProject
Project("{FAE04EC0-301F-11D3-BF4B-00C04F79EFBC}") = "Kean.Platform", "Platform\Kean.Platform\Kean.Platform.csproj", "{ABF16C06-E815-40C8-9194-13D9BE11E019}"
EndProject
Project("{FAE04EC0-301F-11D3-BF4B-00C04F79EFBC}") = "Kean.Platform.Log", "Platform\Kean.Platform.Log\Kean.Platform.Log.csproj", "{14F02E00-9ED6-4730-BE4D-F0DF96853A21}"
EndProject
Project("{FAE04EC0-301F-11D3-BF4B-00C04F79EFBC}") = "Kean.Platform.Settings", "Platform\Kean.Platform.Settings\Kean.Platform.Settings.csproj", "{881FABE6-BA89-4242-9686-864E75EC541C}"
EndProject
Project("{2150E333-8FDC-42A3-9474-1A3956D46DE8}") = "Html", "Html", "{E2A0ACDC-FF87-4DE9-ACA1-BC3B333EB74F}"
EndProject
Project("{FAE04EC0-301F-11D3-BF4B-00C04F79EFBC}") = "Kean.Html.Dom", "Html\Kean.Html.Dom\Kean.Html.Dom.csproj", "{BC3EA63B-C589-43B1-A24D-AD89BE556E5E}"
EndProject
Global
	GlobalSection(SolutionConfigurationPlatforms) = preSolution
		Debug|Any CPU = Debug|Any CPU
		Debug|Mixed Platforms = Debug|Mixed Platforms
		Debug|x86 = Debug|x86
		Release|Any CPU = Release|Any CPU
		Release|Mixed Platforms = Release|Mixed Platforms
		Release|x86 = Release|x86
	EndGlobalSection
	GlobalSection(ProjectConfigurationPlatforms) = postSolution
		{5640E2C7-4875-4A8E-94D3-3A4929BB3F96}.Debug|Any CPU.ActiveCfg = Debug|x86
		{5640E2C7-4875-4A8E-94D3-3A4929BB3F96}.Debug|Mixed Platforms.ActiveCfg = Debug|x86
		{5640E2C7-4875-4A8E-94D3-3A4929BB3F96}.Debug|Mixed Platforms.Build.0 = Debug|x86
		{5640E2C7-4875-4A8E-94D3-3A4929BB3F96}.Debug|x86.ActiveCfg = Debug|x86
		{5640E2C7-4875-4A8E-94D3-3A4929BB3F96}.Debug|x86.Build.0 = Debug|x86
		{5640E2C7-4875-4A8E-94D3-3A4929BB3F96}.Release|Any CPU.ActiveCfg = Release|x86
		{5640E2C7-4875-4A8E-94D3-3A4929BB3F96}.Release|Mixed Platforms.ActiveCfg = Release|x86
		{5640E2C7-4875-4A8E-94D3-3A4929BB3F96}.Release|Mixed Platforms.Build.0 = Release|x86
		{5640E2C7-4875-4A8E-94D3-3A4929BB3F96}.Release|x86.ActiveCfg = Release|x86
		{5640E2C7-4875-4A8E-94D3-3A4929BB3F96}.Release|x86.Build.0 = Release|x86
		{C5A4BC48-C14F-4F6B-9564-E04C0A79B7C1}.Debug|Any CPU.ActiveCfg = Debug|Any CPU
		{C5A4BC48-C14F-4F6B-9564-E04C0A79B7C1}.Debug|Any CPU.Build.0 = Debug|Any CPU
		{C5A4BC48-C14F-4F6B-9564-E04C0A79B7C1}.Debug|Mixed Platforms.ActiveCfg = Debug|Any CPU
		{C5A4BC48-C14F-4F6B-9564-E04C0A79B7C1}.Debug|Mixed Platforms.Build.0 = Debug|Any CPU
		{C5A4BC48-C14F-4F6B-9564-E04C0A79B7C1}.Debug|x86.ActiveCfg = Debug|Any CPU
		{C5A4BC48-C14F-4F6B-9564-E04C0A79B7C1}.Release|Any CPU.ActiveCfg = Release|Any CPU
		{C5A4BC48-C14F-4F6B-9564-E04C0A79B7C1}.Release|Any CPU.Build.0 = Release|Any CPU
		{C5A4BC48-C14F-4F6B-9564-E04C0A79B7C1}.Release|Mixed Platforms.ActiveCfg = Release|Any CPU
		{C5A4BC48-C14F-4F6B-9564-E04C0A79B7C1}.Release|Mixed Platforms.Build.0 = Release|Any CPU
		{C5A4BC48-C14F-4F6B-9564-E04C0A79B7C1}.Release|x86.ActiveCfg = Release|Any CPU
		{9EE43841-CE0C-4943-BDFF-1C5E158A0BDB}.Debug|Any CPU.ActiveCfg = Debug|Any CPU
		{9EE43841-CE0C-4943-BDFF-1C5E158A0BDB}.Debug|Any CPU.Build.0 = Debug|Any CPU
		{9EE43841-CE0C-4943-BDFF-1C5E158A0BDB}.Debug|Mixed Platforms.ActiveCfg = Debug|Any CPU
		{9EE43841-CE0C-4943-BDFF-1C5E158A0BDB}.Debug|Mixed Platforms.Build.0 = Debug|Any CPU
		{9EE43841-CE0C-4943-BDFF-1C5E158A0BDB}.Debug|x86.ActiveCfg = Debug|Any CPU
		{9EE43841-CE0C-4943-BDFF-1C5E158A0BDB}.Release|Any CPU.ActiveCfg = Release|Any CPU
		{9EE43841-CE0C-4943-BDFF-1C5E158A0BDB}.Release|Any CPU.Build.0 = Release|Any CPU
		{9EE43841-CE0C-4943-BDFF-1C5E158A0BDB}.Release|Mixed Platforms.ActiveCfg = Release|Any CPU
		{9EE43841-CE0C-4943-BDFF-1C5E158A0BDB}.Release|Mixed Platforms.Build.0 = Release|Any CPU
		{9EE43841-CE0C-4943-BDFF-1C5E158A0BDB}.Release|x86.ActiveCfg = Release|Any CPU
		{964EE8EB-6A7E-4B62-BDBC-37A29E9C0E3B}.Debug|Any CPU.ActiveCfg = Debug|Any CPU
		{964EE8EB-6A7E-4B62-BDBC-37A29E9C0E3B}.Debug|Any CPU.Build.0 = Debug|Any CPU
		{964EE8EB-6A7E-4B62-BDBC-37A29E9C0E3B}.Debug|Mixed Platforms.ActiveCfg = Debug|Any CPU
		{964EE8EB-6A7E-4B62-BDBC-37A29E9C0E3B}.Debug|Mixed Platforms.Build.0 = Debug|Any CPU
		{964EE8EB-6A7E-4B62-BDBC-37A29E9C0E3B}.Debug|x86.ActiveCfg = Debug|Any CPU
		{964EE8EB-6A7E-4B62-BDBC-37A29E9C0E3B}.Release|Any CPU.ActiveCfg = Release|Any CPU
		{964EE8EB-6A7E-4B62-BDBC-37A29E9C0E3B}.Release|Any CPU.Build.0 = Release|Any CPU
		{964EE8EB-6A7E-4B62-BDBC-37A29E9C0E3B}.Release|Mixed Platforms.ActiveCfg = Release|Any CPU
		{964EE8EB-6A7E-4B62-BDBC-37A29E9C0E3B}.Release|Mixed Platforms.Build.0 = Release|Any CPU
		{964EE8EB-6A7E-4B62-BDBC-37A29E9C0E3B}.Release|x86.ActiveCfg = Release|Any CPU
		{8B708CFE-DABA-40D5-8830-4C0D67DAE732}.Debug|Any CPU.ActiveCfg = Debug|Any CPU
		{8B708CFE-DABA-40D5-8830-4C0D67DAE732}.Debug|Any CPU.Build.0 = Debug|Any CPU
		{8B708CFE-DABA-40D5-8830-4C0D67DAE732}.Debug|Mixed Platforms.ActiveCfg = Debug|Any CPU
		{8B708CFE-DABA-40D5-8830-4C0D67DAE732}.Debug|Mixed Platforms.Build.0 = Debug|Any CPU
		{8B708CFE-DABA-40D5-8830-4C0D67DAE732}.Debug|x86.ActiveCfg = Debug|Any CPU
		{8B708CFE-DABA-40D5-8830-4C0D67DAE732}.Release|Any CPU.ActiveCfg = Release|Any CPU
		{8B708CFE-DABA-40D5-8830-4C0D67DAE732}.Release|Any CPU.Build.0 = Release|Any CPU
		{8B708CFE-DABA-40D5-8830-4C0D67DAE732}.Release|Mixed Platforms.ActiveCfg = Release|Any CPU
		{8B708CFE-DABA-40D5-8830-4C0D67DAE732}.Release|Mixed Platforms.Build.0 = Release|Any CPU
		{8B708CFE-DABA-40D5-8830-4C0D67DAE732}.Release|x86.ActiveCfg = Release|Any CPU
		{7E58819E-BCDE-4194-8A83-E8E6E3D050F9}.Debug|Any CPU.ActiveCfg = Debug|Any CPU
		{7E58819E-BCDE-4194-8A83-E8E6E3D050F9}.Debug|Any CPU.Build.0 = Debug|Any CPU
		{7E58819E-BCDE-4194-8A83-E8E6E3D050F9}.Debug|Mixed Platforms.ActiveCfg = Debug|Any CPU
		{7E58819E-BCDE-4194-8A83-E8E6E3D050F9}.Debug|Mixed Platforms.Build.0 = Debug|Any CPU
		{7E58819E-BCDE-4194-8A83-E8E6E3D050F9}.Debug|x86.ActiveCfg = Debug|Any CPU
		{7E58819E-BCDE-4194-8A83-E8E6E3D050F9}.Release|Any CPU.ActiveCfg = Release|Any CPU
		{7E58819E-BCDE-4194-8A83-E8E6E3D050F9}.Release|Any CPU.Build.0 = Release|Any CPU
		{7E58819E-BCDE-4194-8A83-E8E6E3D050F9}.Release|Mixed Platforms.ActiveCfg = Release|Any CPU
		{7E58819E-BCDE-4194-8A83-E8E6E3D050F9}.Release|Mixed Platforms.Build.0 = Release|Any CPU
		{7E58819E-BCDE-4194-8A83-E8E6E3D050F9}.Release|x86.ActiveCfg = Release|Any CPU
		{D44CAE32-71EA-4BD9-8A41-8EC84526B596}.Debug|Any CPU.ActiveCfg = Debug|Any CPU
		{D44CAE32-71EA-4BD9-8A41-8EC84526B596}.Debug|Any CPU.Build.0 = Debug|Any CPU
		{D44CAE32-71EA-4BD9-8A41-8EC84526B596}.Debug|Mixed Platforms.ActiveCfg = Debug|Any CPU
		{D44CAE32-71EA-4BD9-8A41-8EC84526B596}.Debug|Mixed Platforms.Build.0 = Debug|Any CPU
		{D44CAE32-71EA-4BD9-8A41-8EC84526B596}.Debug|x86.ActiveCfg = Debug|Any CPU
		{D44CAE32-71EA-4BD9-8A41-8EC84526B596}.Release|Any CPU.ActiveCfg = Release|Any CPU
		{D44CAE32-71EA-4BD9-8A41-8EC84526B596}.Release|Any CPU.Build.0 = Release|Any CPU
		{D44CAE32-71EA-4BD9-8A41-8EC84526B596}.Release|Mixed Platforms.ActiveCfg = Release|Any CPU
		{D44CAE32-71EA-4BD9-8A41-8EC84526B596}.Release|Mixed Platforms.Build.0 = Release|Any CPU
		{D44CAE32-71EA-4BD9-8A41-8EC84526B596}.Release|x86.ActiveCfg = Release|Any CPU
		{AB030D3B-8B47-4545-86BA-48A8D2AFE020}.Debug|Any CPU.ActiveCfg = Debug|Any CPU
		{AB030D3B-8B47-4545-86BA-48A8D2AFE020}.Debug|Any CPU.Build.0 = Debug|Any CPU
		{AB030D3B-8B47-4545-86BA-48A8D2AFE020}.Debug|Mixed Platforms.ActiveCfg = Debug|Any CPU
		{AB030D3B-8B47-4545-86BA-48A8D2AFE020}.Debug|Mixed Platforms.Build.0 = Debug|Any CPU
		{AB030D3B-8B47-4545-86BA-48A8D2AFE020}.Debug|x86.ActiveCfg = Debug|Any CPU
		{AB030D3B-8B47-4545-86BA-48A8D2AFE020}.Release|Any CPU.ActiveCfg = Release|Any CPU
		{AB030D3B-8B47-4545-86BA-48A8D2AFE020}.Release|Any CPU.Build.0 = Release|Any CPU
		{AB030D3B-8B47-4545-86BA-48A8D2AFE020}.Release|Mixed Platforms.ActiveCfg = Release|Any CPU
		{AB030D3B-8B47-4545-86BA-48A8D2AFE020}.Release|Mixed Platforms.Build.0 = Release|Any CPU
		{AB030D3B-8B47-4545-86BA-48A8D2AFE020}.Release|x86.ActiveCfg = Release|Any CPU
		{B08CBCC8-D079-43E3-B9CC-19A5AC76E107}.Debug|Any CPU.ActiveCfg = Debug|Any CPU
		{B08CBCC8-D079-43E3-B9CC-19A5AC76E107}.Debug|Any CPU.Build.0 = Debug|Any CPU
		{B08CBCC8-D079-43E3-B9CC-19A5AC76E107}.Debug|Mixed Platforms.ActiveCfg = Debug|Any CPU
		{B08CBCC8-D079-43E3-B9CC-19A5AC76E107}.Debug|Mixed Platforms.Build.0 = Debug|Any CPU
		{B08CBCC8-D079-43E3-B9CC-19A5AC76E107}.Debug|x86.ActiveCfg = Debug|Any CPU
		{B08CBCC8-D079-43E3-B9CC-19A5AC76E107}.Release|Any CPU.ActiveCfg = Release|Any CPU
		{B08CBCC8-D079-43E3-B9CC-19A5AC76E107}.Release|Any CPU.Build.0 = Release|Any CPU
		{B08CBCC8-D079-43E3-B9CC-19A5AC76E107}.Release|Mixed Platforms.ActiveCfg = Release|Any CPU
		{B08CBCC8-D079-43E3-B9CC-19A5AC76E107}.Release|Mixed Platforms.Build.0 = Release|Any CPU
		{B08CBCC8-D079-43E3-B9CC-19A5AC76E107}.Release|x86.ActiveCfg = Release|Any CPU
		{06324516-5008-4A34-9C54-041F30F5A229}.Debug|Any CPU.ActiveCfg = Debug|Any CPU
		{06324516-5008-4A34-9C54-041F30F5A229}.Debug|Any CPU.Build.0 = Debug|Any CPU
		{06324516-5008-4A34-9C54-041F30F5A229}.Debug|Mixed Platforms.ActiveCfg = Debug|Any CPU
		{06324516-5008-4A34-9C54-041F30F5A229}.Debug|Mixed Platforms.Build.0 = Debug|Any CPU
		{06324516-5008-4A34-9C54-041F30F5A229}.Debug|x86.ActiveCfg = Debug|Any CPU
		{06324516-5008-4A34-9C54-041F30F5A229}.Release|Any CPU.ActiveCfg = Release|Any CPU
		{06324516-5008-4A34-9C54-041F30F5A229}.Release|Any CPU.Build.0 = Release|Any CPU
		{06324516-5008-4A34-9C54-041F30F5A229}.Release|Mixed Platforms.ActiveCfg = Release|Any CPU
		{06324516-5008-4A34-9C54-041F30F5A229}.Release|Mixed Platforms.Build.0 = Release|Any CPU
		{06324516-5008-4A34-9C54-041F30F5A229}.Release|x86.ActiveCfg = Release|Any CPU
		{3874FD1C-13EB-4746-99ED-E58DE3BF8BEA}.Debug|Any CPU.ActiveCfg = Debug|Any CPU
		{3874FD1C-13EB-4746-99ED-E58DE3BF8BEA}.Debug|Any CPU.Build.0 = Debug|Any CPU
		{3874FD1C-13EB-4746-99ED-E58DE3BF8BEA}.Debug|Mixed Platforms.ActiveCfg = Debug|Any CPU
		{3874FD1C-13EB-4746-99ED-E58DE3BF8BEA}.Debug|Mixed Platforms.Build.0 = Debug|Any CPU
		{3874FD1C-13EB-4746-99ED-E58DE3BF8BEA}.Debug|x86.ActiveCfg = Debug|Any CPU
		{3874FD1C-13EB-4746-99ED-E58DE3BF8BEA}.Release|Any CPU.ActiveCfg = Release|Any CPU
		{3874FD1C-13EB-4746-99ED-E58DE3BF8BEA}.Release|Any CPU.Build.0 = Release|Any CPU
		{3874FD1C-13EB-4746-99ED-E58DE3BF8BEA}.Release|Mixed Platforms.ActiveCfg = Release|Any CPU
		{3874FD1C-13EB-4746-99ED-E58DE3BF8BEA}.Release|Mixed Platforms.Build.0 = Release|Any CPU
		{3874FD1C-13EB-4746-99ED-E58DE3BF8BEA}.Release|x86.ActiveCfg = Release|Any CPU
		{96B4C4B4-5177-4717-9B2F-C74A0C2DF7D5}.Debug|Any CPU.ActiveCfg = Debug|Any CPU
		{96B4C4B4-5177-4717-9B2F-C74A0C2DF7D5}.Debug|Any CPU.Build.0 = Debug|Any CPU
		{96B4C4B4-5177-4717-9B2F-C74A0C2DF7D5}.Debug|Mixed Platforms.ActiveCfg = Debug|Any CPU
		{96B4C4B4-5177-4717-9B2F-C74A0C2DF7D5}.Debug|Mixed Platforms.Build.0 = Debug|Any CPU
		{96B4C4B4-5177-4717-9B2F-C74A0C2DF7D5}.Debug|x86.ActiveCfg = Debug|Any CPU
		{96B4C4B4-5177-4717-9B2F-C74A0C2DF7D5}.Release|Any CPU.ActiveCfg = Release|Any CPU
		{96B4C4B4-5177-4717-9B2F-C74A0C2DF7D5}.Release|Any CPU.Build.0 = Release|Any CPU
		{96B4C4B4-5177-4717-9B2F-C74A0C2DF7D5}.Release|Mixed Platforms.ActiveCfg = Release|Any CPU
		{96B4C4B4-5177-4717-9B2F-C74A0C2DF7D5}.Release|Mixed Platforms.Build.0 = Release|Any CPU
		{96B4C4B4-5177-4717-9B2F-C74A0C2DF7D5}.Release|x86.ActiveCfg = Release|Any CPU
		{164036F9-3982-4111-9283-5B323EF85579}.Debug|Any CPU.ActiveCfg = Debug|Any CPU
		{164036F9-3982-4111-9283-5B323EF85579}.Debug|Any CPU.Build.0 = Debug|Any CPU
		{164036F9-3982-4111-9283-5B323EF85579}.Debug|Mixed Platforms.ActiveCfg = Debug|Any CPU
		{164036F9-3982-4111-9283-5B323EF85579}.Debug|Mixed Platforms.Build.0 = Debug|Any CPU
		{164036F9-3982-4111-9283-5B323EF85579}.Debug|x86.ActiveCfg = Debug|Any CPU
		{164036F9-3982-4111-9283-5B323EF85579}.Release|Any CPU.ActiveCfg = Release|Any CPU
		{164036F9-3982-4111-9283-5B323EF85579}.Release|Any CPU.Build.0 = Release|Any CPU
		{164036F9-3982-4111-9283-5B323EF85579}.Release|Mixed Platforms.ActiveCfg = Release|Any CPU
		{164036F9-3982-4111-9283-5B323EF85579}.Release|Mixed Platforms.Build.0 = Release|Any CPU
		{164036F9-3982-4111-9283-5B323EF85579}.Release|x86.ActiveCfg = Release|Any CPU
		{DAF18CA8-78EA-417F-8730-0A76B0DA2563}.Debug|Any CPU.ActiveCfg = Debug|Any CPU
		{DAF18CA8-78EA-417F-8730-0A76B0DA2563}.Debug|Any CPU.Build.0 = Debug|Any CPU
		{DAF18CA8-78EA-417F-8730-0A76B0DA2563}.Debug|Mixed Platforms.ActiveCfg = Debug|Any CPU
		{DAF18CA8-78EA-417F-8730-0A76B0DA2563}.Debug|Mixed Platforms.Build.0 = Debug|Any CPU
		{DAF18CA8-78EA-417F-8730-0A76B0DA2563}.Debug|x86.ActiveCfg = Debug|Any CPU
		{DAF18CA8-78EA-417F-8730-0A76B0DA2563}.Release|Any CPU.ActiveCfg = Release|Any CPU
		{DAF18CA8-78EA-417F-8730-0A76B0DA2563}.Release|Any CPU.Build.0 = Release|Any CPU
		{DAF18CA8-78EA-417F-8730-0A76B0DA2563}.Release|Mixed Platforms.ActiveCfg = Release|Any CPU
		{DAF18CA8-78EA-417F-8730-0A76B0DA2563}.Release|Mixed Platforms.Build.0 = Release|Any CPU
		{DAF18CA8-78EA-417F-8730-0A76B0DA2563}.Release|x86.ActiveCfg = Release|Any CPU
		{98F827EA-9073-43FD-9131-6B2448461519}.Debug|Any CPU.ActiveCfg = Debug|Any CPU
		{98F827EA-9073-43FD-9131-6B2448461519}.Debug|Any CPU.Build.0 = Debug|Any CPU
		{98F827EA-9073-43FD-9131-6B2448461519}.Debug|Mixed Platforms.ActiveCfg = Debug|Any CPU
		{98F827EA-9073-43FD-9131-6B2448461519}.Debug|Mixed Platforms.Build.0 = Debug|Any CPU
		{98F827EA-9073-43FD-9131-6B2448461519}.Debug|x86.ActiveCfg = Debug|Any CPU
		{98F827EA-9073-43FD-9131-6B2448461519}.Release|Any CPU.ActiveCfg = Release|Any CPU
		{98F827EA-9073-43FD-9131-6B2448461519}.Release|Any CPU.Build.0 = Release|Any CPU
		{98F827EA-9073-43FD-9131-6B2448461519}.Release|Mixed Platforms.ActiveCfg = Release|Any CPU
		{98F827EA-9073-43FD-9131-6B2448461519}.Release|Mixed Platforms.Build.0 = Release|Any CPU
		{98F827EA-9073-43FD-9131-6B2448461519}.Release|x86.ActiveCfg = Release|Any CPU
		{5CC44E3B-2D32-4DA2-BE7C-34835F41E096}.Debug|Any CPU.ActiveCfg = Debug|Any CPU
		{5CC44E3B-2D32-4DA2-BE7C-34835F41E096}.Debug|Any CPU.Build.0 = Debug|Any CPU
		{5CC44E3B-2D32-4DA2-BE7C-34835F41E096}.Debug|Mixed Platforms.ActiveCfg = Debug|Any CPU
		{5CC44E3B-2D32-4DA2-BE7C-34835F41E096}.Debug|Mixed Platforms.Build.0 = Debug|Any CPU
		{5CC44E3B-2D32-4DA2-BE7C-34835F41E096}.Debug|x86.ActiveCfg = Debug|Any CPU
		{5CC44E3B-2D32-4DA2-BE7C-34835F41E096}.Release|Any CPU.ActiveCfg = Release|Any CPU
		{5CC44E3B-2D32-4DA2-BE7C-34835F41E096}.Release|Any CPU.Build.0 = Release|Any CPU
		{5CC44E3B-2D32-4DA2-BE7C-34835F41E096}.Release|Mixed Platforms.ActiveCfg = Release|Any CPU
		{5CC44E3B-2D32-4DA2-BE7C-34835F41E096}.Release|Mixed Platforms.Build.0 = Release|Any CPU
		{5CC44E3B-2D32-4DA2-BE7C-34835F41E096}.Release|x86.ActiveCfg = Release|Any CPU
		{AE692B68-D00E-4298-8CF5-861F537D93C0}.Debug|Any CPU.ActiveCfg = Debug|Any CPU
		{AE692B68-D00E-4298-8CF5-861F537D93C0}.Debug|Any CPU.Build.0 = Debug|Any CPU
		{AE692B68-D00E-4298-8CF5-861F537D93C0}.Debug|Mixed Platforms.ActiveCfg = Debug|Any CPU
		{AE692B68-D00E-4298-8CF5-861F537D93C0}.Debug|Mixed Platforms.Build.0 = Debug|Any CPU
		{AE692B68-D00E-4298-8CF5-861F537D93C0}.Debug|x86.ActiveCfg = Debug|Any CPU
		{AE692B68-D00E-4298-8CF5-861F537D93C0}.Release|Any CPU.ActiveCfg = Release|Any CPU
		{AE692B68-D00E-4298-8CF5-861F537D93C0}.Release|Any CPU.Build.0 = Release|Any CPU
		{AE692B68-D00E-4298-8CF5-861F537D93C0}.Release|Mixed Platforms.ActiveCfg = Release|Any CPU
		{AE692B68-D00E-4298-8CF5-861F537D93C0}.Release|Mixed Platforms.Build.0 = Release|Any CPU
		{AE692B68-D00E-4298-8CF5-861F537D93C0}.Release|x86.ActiveCfg = Release|Any CPU
		{13697ABD-61C5-4EB0-B205-D5192E248CF0}.Debug|Any CPU.ActiveCfg = Debug|Any CPU
		{13697ABD-61C5-4EB0-B205-D5192E248CF0}.Debug|Any CPU.Build.0 = Debug|Any CPU
		{13697ABD-61C5-4EB0-B205-D5192E248CF0}.Debug|Mixed Platforms.ActiveCfg = Debug|Any CPU
		{13697ABD-61C5-4EB0-B205-D5192E248CF0}.Debug|Mixed Platforms.Build.0 = Debug|Any CPU
		{13697ABD-61C5-4EB0-B205-D5192E248CF0}.Debug|x86.ActiveCfg = Debug|Any CPU
		{13697ABD-61C5-4EB0-B205-D5192E248CF0}.Release|Any CPU.ActiveCfg = Release|Any CPU
		{13697ABD-61C5-4EB0-B205-D5192E248CF0}.Release|Any CPU.Build.0 = Release|Any CPU
		{13697ABD-61C5-4EB0-B205-D5192E248CF0}.Release|Mixed Platforms.ActiveCfg = Release|Any CPU
		{13697ABD-61C5-4EB0-B205-D5192E248CF0}.Release|Mixed Platforms.Build.0 = Release|Any CPU
		{13697ABD-61C5-4EB0-B205-D5192E248CF0}.Release|x86.ActiveCfg = Release|Any CPU
		{375108F3-ECBF-4BF9-9161-22BBEAB6A7BC}.Debug|Any CPU.ActiveCfg = Debug|Any CPU
		{375108F3-ECBF-4BF9-9161-22BBEAB6A7BC}.Debug|Any CPU.Build.0 = Debug|Any CPU
		{375108F3-ECBF-4BF9-9161-22BBEAB6A7BC}.Debug|Mixed Platforms.ActiveCfg = Debug|Any CPU
		{375108F3-ECBF-4BF9-9161-22BBEAB6A7BC}.Debug|Mixed Platforms.Build.0 = Debug|Any CPU
		{375108F3-ECBF-4BF9-9161-22BBEAB6A7BC}.Debug|x86.ActiveCfg = Debug|Any CPU
		{375108F3-ECBF-4BF9-9161-22BBEAB6A7BC}.Release|Any CPU.ActiveCfg = Release|Any CPU
		{375108F3-ECBF-4BF9-9161-22BBEAB6A7BC}.Release|Any CPU.Build.0 = Release|Any CPU
		{375108F3-ECBF-4BF9-9161-22BBEAB6A7BC}.Release|Mixed Platforms.ActiveCfg = Release|Any CPU
		{375108F3-ECBF-4BF9-9161-22BBEAB6A7BC}.Release|Mixed Platforms.Build.0 = Release|Any CPU
		{375108F3-ECBF-4BF9-9161-22BBEAB6A7BC}.Release|x86.ActiveCfg = Release|Any CPU
		{B28F1997-DB42-4C6C-BAB6-0DAB9CF2F32D}.Debug|Any CPU.ActiveCfg = Debug|Any CPU
		{B28F1997-DB42-4C6C-BAB6-0DAB9CF2F32D}.Debug|Any CPU.Build.0 = Debug|Any CPU
		{B28F1997-DB42-4C6C-BAB6-0DAB9CF2F32D}.Debug|Mixed Platforms.ActiveCfg = Debug|Any CPU
		{B28F1997-DB42-4C6C-BAB6-0DAB9CF2F32D}.Debug|Mixed Platforms.Build.0 = Debug|Any CPU
		{B28F1997-DB42-4C6C-BAB6-0DAB9CF2F32D}.Debug|x86.ActiveCfg = Debug|Any CPU
		{B28F1997-DB42-4C6C-BAB6-0DAB9CF2F32D}.Release|Any CPU.ActiveCfg = Release|Any CPU
		{B28F1997-DB42-4C6C-BAB6-0DAB9CF2F32D}.Release|Any CPU.Build.0 = Release|Any CPU
		{B28F1997-DB42-4C6C-BAB6-0DAB9CF2F32D}.Release|Mixed Platforms.ActiveCfg = Release|Any CPU
		{B28F1997-DB42-4C6C-BAB6-0DAB9CF2F32D}.Release|Mixed Platforms.Build.0 = Release|Any CPU
		{B28F1997-DB42-4C6C-BAB6-0DAB9CF2F32D}.Release|x86.ActiveCfg = Release|Any CPU
		{F4AC28A6-680A-4758-8E7F-BECB367123DF}.Debug|Any CPU.ActiveCfg = Debug|Any CPU
		{F4AC28A6-680A-4758-8E7F-BECB367123DF}.Debug|Any CPU.Build.0 = Debug|Any CPU
		{F4AC28A6-680A-4758-8E7F-BECB367123DF}.Debug|Mixed Platforms.ActiveCfg = Debug|Any CPU
		{F4AC28A6-680A-4758-8E7F-BECB367123DF}.Debug|Mixed Platforms.Build.0 = Debug|Any CPU
		{F4AC28A6-680A-4758-8E7F-BECB367123DF}.Debug|x86.ActiveCfg = Debug|Any CPU
		{F4AC28A6-680A-4758-8E7F-BECB367123DF}.Release|Any CPU.ActiveCfg = Release|Any CPU
		{F4AC28A6-680A-4758-8E7F-BECB367123DF}.Release|Any CPU.Build.0 = Release|Any CPU
		{F4AC28A6-680A-4758-8E7F-BECB367123DF}.Release|Mixed Platforms.ActiveCfg = Release|Any CPU
		{F4AC28A6-680A-4758-8E7F-BECB367123DF}.Release|Mixed Platforms.Build.0 = Release|Any CPU
		{F4AC28A6-680A-4758-8E7F-BECB367123DF}.Release|x86.ActiveCfg = Release|Any CPU
		{AB4E5E08-6B2A-4A9F-ABB3-A8F4CE73FB53}.Debug|Any CPU.ActiveCfg = Debug|Any CPU
		{AB4E5E08-6B2A-4A9F-ABB3-A8F4CE73FB53}.Debug|Any CPU.Build.0 = Debug|Any CPU
		{AB4E5E08-6B2A-4A9F-ABB3-A8F4CE73FB53}.Debug|Mixed Platforms.ActiveCfg = Debug|Any CPU
		{AB4E5E08-6B2A-4A9F-ABB3-A8F4CE73FB53}.Debug|Mixed Platforms.Build.0 = Debug|Any CPU
		{AB4E5E08-6B2A-4A9F-ABB3-A8F4CE73FB53}.Debug|x86.ActiveCfg = Debug|Any CPU
		{AB4E5E08-6B2A-4A9F-ABB3-A8F4CE73FB53}.Release|Any CPU.ActiveCfg = Release|Any CPU
		{AB4E5E08-6B2A-4A9F-ABB3-A8F4CE73FB53}.Release|Any CPU.Build.0 = Release|Any CPU
		{AB4E5E08-6B2A-4A9F-ABB3-A8F4CE73FB53}.Release|Mixed Platforms.ActiveCfg = Release|Any CPU
		{AB4E5E08-6B2A-4A9F-ABB3-A8F4CE73FB53}.Release|Mixed Platforms.Build.0 = Release|Any CPU
		{AB4E5E08-6B2A-4A9F-ABB3-A8F4CE73FB53}.Release|x86.ActiveCfg = Release|Any CPU
		{78AC86D7-E801-4A76-9A8F-D167DB08387D}.Debug|Any CPU.ActiveCfg = Debug|Any CPU
		{78AC86D7-E801-4A76-9A8F-D167DB08387D}.Debug|Any CPU.Build.0 = Debug|Any CPU
		{78AC86D7-E801-4A76-9A8F-D167DB08387D}.Debug|Mixed Platforms.ActiveCfg = Debug|Any CPU
		{78AC86D7-E801-4A76-9A8F-D167DB08387D}.Debug|Mixed Platforms.Build.0 = Debug|Any CPU
		{78AC86D7-E801-4A76-9A8F-D167DB08387D}.Debug|x86.ActiveCfg = Debug|Any CPU
		{78AC86D7-E801-4A76-9A8F-D167DB08387D}.Release|Any CPU.ActiveCfg = Release|Any CPU
		{78AC86D7-E801-4A76-9A8F-D167DB08387D}.Release|Any CPU.Build.0 = Release|Any CPU
		{78AC86D7-E801-4A76-9A8F-D167DB08387D}.Release|Mixed Platforms.ActiveCfg = Release|Any CPU
		{78AC86D7-E801-4A76-9A8F-D167DB08387D}.Release|Mixed Platforms.Build.0 = Release|Any CPU
		{78AC86D7-E801-4A76-9A8F-D167DB08387D}.Release|x86.ActiveCfg = Release|Any CPU
		{6AEA339E-D930-4834-995D-301892768C10}.Debug|Any CPU.ActiveCfg = Debug|Any CPU
		{6AEA339E-D930-4834-995D-301892768C10}.Debug|Any CPU.Build.0 = Debug|Any CPU
		{6AEA339E-D930-4834-995D-301892768C10}.Debug|Mixed Platforms.ActiveCfg = Debug|Any CPU
		{6AEA339E-D930-4834-995D-301892768C10}.Debug|Mixed Platforms.Build.0 = Debug|Any CPU
		{6AEA339E-D930-4834-995D-301892768C10}.Debug|x86.ActiveCfg = Debug|Any CPU
		{6AEA339E-D930-4834-995D-301892768C10}.Release|Any CPU.ActiveCfg = Release|Any CPU
		{6AEA339E-D930-4834-995D-301892768C10}.Release|Any CPU.Build.0 = Release|Any CPU
		{6AEA339E-D930-4834-995D-301892768C10}.Release|Mixed Platforms.ActiveCfg = Release|Any CPU
		{6AEA339E-D930-4834-995D-301892768C10}.Release|Mixed Platforms.Build.0 = Release|Any CPU
		{6AEA339E-D930-4834-995D-301892768C10}.Release|x86.ActiveCfg = Release|Any CPU
		{125A7070-AA9F-4A6A-A328-6B744D578885}.Debug|Any CPU.ActiveCfg = Debug|Any CPU
		{125A7070-AA9F-4A6A-A328-6B744D578885}.Debug|Any CPU.Build.0 = Debug|Any CPU
		{125A7070-AA9F-4A6A-A328-6B744D578885}.Debug|Mixed Platforms.ActiveCfg = Debug|Any CPU
		{125A7070-AA9F-4A6A-A328-6B744D578885}.Debug|Mixed Platforms.Build.0 = Debug|Any CPU
		{125A7070-AA9F-4A6A-A328-6B744D578885}.Debug|x86.ActiveCfg = Debug|Any CPU
		{125A7070-AA9F-4A6A-A328-6B744D578885}.Release|Any CPU.ActiveCfg = Release|Any CPU
		{125A7070-AA9F-4A6A-A328-6B744D578885}.Release|Any CPU.Build.0 = Release|Any CPU
		{125A7070-AA9F-4A6A-A328-6B744D578885}.Release|Mixed Platforms.ActiveCfg = Release|Any CPU
		{125A7070-AA9F-4A6A-A328-6B744D578885}.Release|Mixed Platforms.Build.0 = Release|Any CPU
		{125A7070-AA9F-4A6A-A328-6B744D578885}.Release|x86.ActiveCfg = Release|Any CPU
		{F608B80A-3195-43CE-B1F7-FBDC2F1050DA}.Debug|Any CPU.ActiveCfg = Debug|Any CPU
		{F608B80A-3195-43CE-B1F7-FBDC2F1050DA}.Debug|Any CPU.Build.0 = Debug|Any CPU
		{F608B80A-3195-43CE-B1F7-FBDC2F1050DA}.Debug|Mixed Platforms.ActiveCfg = Debug|Any CPU
		{F608B80A-3195-43CE-B1F7-FBDC2F1050DA}.Debug|Mixed Platforms.Build.0 = Debug|Any CPU
		{F608B80A-3195-43CE-B1F7-FBDC2F1050DA}.Debug|x86.ActiveCfg = Debug|Any CPU
		{F608B80A-3195-43CE-B1F7-FBDC2F1050DA}.Release|Any CPU.ActiveCfg = Release|Any CPU
		{F608B80A-3195-43CE-B1F7-FBDC2F1050DA}.Release|Any CPU.Build.0 = Release|Any CPU
		{F608B80A-3195-43CE-B1F7-FBDC2F1050DA}.Release|Mixed Platforms.ActiveCfg = Release|Any CPU
		{F608B80A-3195-43CE-B1F7-FBDC2F1050DA}.Release|Mixed Platforms.Build.0 = Release|Any CPU
		{F608B80A-3195-43CE-B1F7-FBDC2F1050DA}.Release|x86.ActiveCfg = Release|Any CPU
		{967D6DB5-DC31-4A7D-8A72-DBCC5A10E5D8}.Debug|Any CPU.ActiveCfg = Debug|Any CPU
		{967D6DB5-DC31-4A7D-8A72-DBCC5A10E5D8}.Debug|Any CPU.Build.0 = Debug|Any CPU
		{967D6DB5-DC31-4A7D-8A72-DBCC5A10E5D8}.Debug|Mixed Platforms.ActiveCfg = Debug|Any CPU
		{967D6DB5-DC31-4A7D-8A72-DBCC5A10E5D8}.Debug|Mixed Platforms.Build.0 = Debug|Any CPU
		{967D6DB5-DC31-4A7D-8A72-DBCC5A10E5D8}.Debug|x86.ActiveCfg = Debug|Any CPU
		{967D6DB5-DC31-4A7D-8A72-DBCC5A10E5D8}.Release|Any CPU.ActiveCfg = Release|Any CPU
		{967D6DB5-DC31-4A7D-8A72-DBCC5A10E5D8}.Release|Any CPU.Build.0 = Release|Any CPU
		{967D6DB5-DC31-4A7D-8A72-DBCC5A10E5D8}.Release|Mixed Platforms.ActiveCfg = Release|Any CPU
		{967D6DB5-DC31-4A7D-8A72-DBCC5A10E5D8}.Release|Mixed Platforms.Build.0 = Release|Any CPU
		{967D6DB5-DC31-4A7D-8A72-DBCC5A10E5D8}.Release|x86.ActiveCfg = Release|Any CPU
		{95FD08A5-43C8-4E1D-8291-CC8AFE459000}.Debug|Any CPU.ActiveCfg = Debug|Any CPU
		{95FD08A5-43C8-4E1D-8291-CC8AFE459000}.Debug|Any CPU.Build.0 = Debug|Any CPU
		{95FD08A5-43C8-4E1D-8291-CC8AFE459000}.Debug|Mixed Platforms.ActiveCfg = Debug|Any CPU
		{95FD08A5-43C8-4E1D-8291-CC8AFE459000}.Debug|Mixed Platforms.Build.0 = Debug|Any CPU
		{95FD08A5-43C8-4E1D-8291-CC8AFE459000}.Debug|x86.ActiveCfg = Debug|Any CPU
		{95FD08A5-43C8-4E1D-8291-CC8AFE459000}.Release|Any CPU.ActiveCfg = Release|Any CPU
		{95FD08A5-43C8-4E1D-8291-CC8AFE459000}.Release|Any CPU.Build.0 = Release|Any CPU
		{95FD08A5-43C8-4E1D-8291-CC8AFE459000}.Release|Mixed Platforms.ActiveCfg = Release|Any CPU
		{95FD08A5-43C8-4E1D-8291-CC8AFE459000}.Release|Mixed Platforms.Build.0 = Release|Any CPU
		{95FD08A5-43C8-4E1D-8291-CC8AFE459000}.Release|x86.ActiveCfg = Release|Any CPU
		{485C7018-3CB3-4BEB-A101-91EEE4557AEE}.Debug|Any CPU.ActiveCfg = Debug|Any CPU
		{485C7018-3CB3-4BEB-A101-91EEE4557AEE}.Debug|Any CPU.Build.0 = Debug|Any CPU
		{485C7018-3CB3-4BEB-A101-91EEE4557AEE}.Debug|Mixed Platforms.ActiveCfg = Debug|Any CPU
		{485C7018-3CB3-4BEB-A101-91EEE4557AEE}.Debug|Mixed Platforms.Build.0 = Debug|Any CPU
		{485C7018-3CB3-4BEB-A101-91EEE4557AEE}.Debug|x86.ActiveCfg = Debug|Any CPU
		{485C7018-3CB3-4BEB-A101-91EEE4557AEE}.Release|Any CPU.ActiveCfg = Release|Any CPU
		{485C7018-3CB3-4BEB-A101-91EEE4557AEE}.Release|Any CPU.Build.0 = Release|Any CPU
		{485C7018-3CB3-4BEB-A101-91EEE4557AEE}.Release|Mixed Platforms.ActiveCfg = Release|Any CPU
		{485C7018-3CB3-4BEB-A101-91EEE4557AEE}.Release|Mixed Platforms.Build.0 = Release|Any CPU
		{485C7018-3CB3-4BEB-A101-91EEE4557AEE}.Release|x86.ActiveCfg = Release|Any CPU
		{86AD745F-7603-4777-9088-BD418818B833}.Debug|Any CPU.ActiveCfg = Debug|Any CPU
		{86AD745F-7603-4777-9088-BD418818B833}.Debug|Any CPU.Build.0 = Debug|Any CPU
		{86AD745F-7603-4777-9088-BD418818B833}.Debug|Mixed Platforms.ActiveCfg = Debug|Any CPU
		{86AD745F-7603-4777-9088-BD418818B833}.Debug|Mixed Platforms.Build.0 = Debug|Any CPU
		{86AD745F-7603-4777-9088-BD418818B833}.Debug|x86.ActiveCfg = Debug|Any CPU
		{86AD745F-7603-4777-9088-BD418818B833}.Release|Any CPU.ActiveCfg = Release|Any CPU
		{86AD745F-7603-4777-9088-BD418818B833}.Release|Any CPU.Build.0 = Release|Any CPU
		{86AD745F-7603-4777-9088-BD418818B833}.Release|Mixed Platforms.ActiveCfg = Release|Any CPU
		{86AD745F-7603-4777-9088-BD418818B833}.Release|Mixed Platforms.Build.0 = Release|Any CPU
		{86AD745F-7603-4777-9088-BD418818B833}.Release|x86.ActiveCfg = Release|Any CPU
		{67647070-B042-4905-8F92-FF59E094E048}.Debug|Any CPU.ActiveCfg = Debug|Any CPU
		{67647070-B042-4905-8F92-FF59E094E048}.Debug|Any CPU.Build.0 = Debug|Any CPU
		{67647070-B042-4905-8F92-FF59E094E048}.Debug|Mixed Platforms.ActiveCfg = Debug|Any CPU
		{67647070-B042-4905-8F92-FF59E094E048}.Debug|Mixed Platforms.Build.0 = Debug|Any CPU
		{67647070-B042-4905-8F92-FF59E094E048}.Debug|x86.ActiveCfg = Debug|Any CPU
		{67647070-B042-4905-8F92-FF59E094E048}.Release|Any CPU.ActiveCfg = Release|Any CPU
		{67647070-B042-4905-8F92-FF59E094E048}.Release|Any CPU.Build.0 = Release|Any CPU
		{67647070-B042-4905-8F92-FF59E094E048}.Release|Mixed Platforms.ActiveCfg = Release|Any CPU
		{67647070-B042-4905-8F92-FF59E094E048}.Release|Mixed Platforms.Build.0 = Release|Any CPU
		{67647070-B042-4905-8F92-FF59E094E048}.Release|x86.ActiveCfg = Release|Any CPU
		{3B4397D6-2F39-44F6-A200-3AE6454E793C}.Debug|Any CPU.ActiveCfg = Debug|Any CPU
		{3B4397D6-2F39-44F6-A200-3AE6454E793C}.Debug|Any CPU.Build.0 = Debug|Any CPU
		{3B4397D6-2F39-44F6-A200-3AE6454E793C}.Debug|Mixed Platforms.ActiveCfg = Debug|Any CPU
		{3B4397D6-2F39-44F6-A200-3AE6454E793C}.Debug|Mixed Platforms.Build.0 = Debug|Any CPU
		{3B4397D6-2F39-44F6-A200-3AE6454E793C}.Debug|x86.ActiveCfg = Debug|Any CPU
		{3B4397D6-2F39-44F6-A200-3AE6454E793C}.Release|Any CPU.ActiveCfg = Release|Any CPU
		{3B4397D6-2F39-44F6-A200-3AE6454E793C}.Release|Any CPU.Build.0 = Release|Any CPU
		{3B4397D6-2F39-44F6-A200-3AE6454E793C}.Release|Mixed Platforms.ActiveCfg = Release|Any CPU
		{3B4397D6-2F39-44F6-A200-3AE6454E793C}.Release|Mixed Platforms.Build.0 = Release|Any CPU
		{3B4397D6-2F39-44F6-A200-3AE6454E793C}.Release|x86.ActiveCfg = Release|Any CPU
		{72D14839-A96B-4BF7-B500-B10672ACC39B}.Debug|Any CPU.ActiveCfg = Debug|Any CPU
		{72D14839-A96B-4BF7-B500-B10672ACC39B}.Debug|Any CPU.Build.0 = Debug|Any CPU
		{72D14839-A96B-4BF7-B500-B10672ACC39B}.Debug|Mixed Platforms.ActiveCfg = Debug|Any CPU
		{72D14839-A96B-4BF7-B500-B10672ACC39B}.Debug|Mixed Platforms.Build.0 = Debug|Any CPU
		{72D14839-A96B-4BF7-B500-B10672ACC39B}.Debug|x86.ActiveCfg = Debug|Any CPU
		{72D14839-A96B-4BF7-B500-B10672ACC39B}.Release|Any CPU.ActiveCfg = Release|Any CPU
		{72D14839-A96B-4BF7-B500-B10672ACC39B}.Release|Any CPU.Build.0 = Release|Any CPU
		{72D14839-A96B-4BF7-B500-B10672ACC39B}.Release|Mixed Platforms.ActiveCfg = Release|Any CPU
		{72D14839-A96B-4BF7-B500-B10672ACC39B}.Release|Mixed Platforms.Build.0 = Release|Any CPU
		{72D14839-A96B-4BF7-B500-B10672ACC39B}.Release|x86.ActiveCfg = Release|Any CPU
		{F2AE2A27-677D-46C5-B47B-ACE2CC077C47}.Debug|Any CPU.ActiveCfg = Debug|Any CPU
		{F2AE2A27-677D-46C5-B47B-ACE2CC077C47}.Debug|Any CPU.Build.0 = Debug|Any CPU
		{F2AE2A27-677D-46C5-B47B-ACE2CC077C47}.Debug|Mixed Platforms.ActiveCfg = Debug|Any CPU
		{F2AE2A27-677D-46C5-B47B-ACE2CC077C47}.Debug|Mixed Platforms.Build.0 = Debug|Any CPU
		{F2AE2A27-677D-46C5-B47B-ACE2CC077C47}.Debug|x86.ActiveCfg = Debug|Any CPU
		{F2AE2A27-677D-46C5-B47B-ACE2CC077C47}.Release|Any CPU.ActiveCfg = Release|Any CPU
		{F2AE2A27-677D-46C5-B47B-ACE2CC077C47}.Release|Any CPU.Build.0 = Release|Any CPU
		{F2AE2A27-677D-46C5-B47B-ACE2CC077C47}.Release|Mixed Platforms.ActiveCfg = Release|Any CPU
		{F2AE2A27-677D-46C5-B47B-ACE2CC077C47}.Release|Mixed Platforms.Build.0 = Release|Any CPU
		{F2AE2A27-677D-46C5-B47B-ACE2CC077C47}.Release|x86.ActiveCfg = Release|Any CPU
		{24DC44ED-3CBF-4E6B-8F16-64BF8EAC3FF3}.Debug|Any CPU.ActiveCfg = Debug|Any CPU
		{24DC44ED-3CBF-4E6B-8F16-64BF8EAC3FF3}.Debug|Any CPU.Build.0 = Debug|Any CPU
		{24DC44ED-3CBF-4E6B-8F16-64BF8EAC3FF3}.Debug|Mixed Platforms.ActiveCfg = Debug|Any CPU
		{24DC44ED-3CBF-4E6B-8F16-64BF8EAC3FF3}.Debug|Mixed Platforms.Build.0 = Debug|Any CPU
		{24DC44ED-3CBF-4E6B-8F16-64BF8EAC3FF3}.Debug|x86.ActiveCfg = Debug|Any CPU
		{24DC44ED-3CBF-4E6B-8F16-64BF8EAC3FF3}.Release|Any CPU.ActiveCfg = Release|Any CPU
		{24DC44ED-3CBF-4E6B-8F16-64BF8EAC3FF3}.Release|Any CPU.Build.0 = Release|Any CPU
		{24DC44ED-3CBF-4E6B-8F16-64BF8EAC3FF3}.Release|Mixed Platforms.ActiveCfg = Release|Any CPU
		{24DC44ED-3CBF-4E6B-8F16-64BF8EAC3FF3}.Release|Mixed Platforms.Build.0 = Release|Any CPU
		{24DC44ED-3CBF-4E6B-8F16-64BF8EAC3FF3}.Release|x86.ActiveCfg = Release|Any CPU
		{B8D845C3-C12D-4123-843B-7D48B4F9DFCB}.Debug|Any CPU.ActiveCfg = Debug|Any CPU
		{B8D845C3-C12D-4123-843B-7D48B4F9DFCB}.Debug|Any CPU.Build.0 = Debug|Any CPU
		{B8D845C3-C12D-4123-843B-7D48B4F9DFCB}.Debug|Mixed Platforms.ActiveCfg = Debug|Any CPU
		{B8D845C3-C12D-4123-843B-7D48B4F9DFCB}.Debug|Mixed Platforms.Build.0 = Debug|Any CPU
		{B8D845C3-C12D-4123-843B-7D48B4F9DFCB}.Debug|x86.ActiveCfg = Debug|Any CPU
		{B8D845C3-C12D-4123-843B-7D48B4F9DFCB}.Release|Any CPU.ActiveCfg = Release|Any CPU
		{B8D845C3-C12D-4123-843B-7D48B4F9DFCB}.Release|Any CPU.Build.0 = Release|Any CPU
		{B8D845C3-C12D-4123-843B-7D48B4F9DFCB}.Release|Mixed Platforms.ActiveCfg = Release|Any CPU
		{B8D845C3-C12D-4123-843B-7D48B4F9DFCB}.Release|Mixed Platforms.Build.0 = Release|Any CPU
		{B8D845C3-C12D-4123-843B-7D48B4F9DFCB}.Release|x86.ActiveCfg = Release|Any CPU
		{012B3587-F0A8-4905-AB14-359C31F10B75}.Debug|Any CPU.ActiveCfg = Debug|Any CPU
		{012B3587-F0A8-4905-AB14-359C31F10B75}.Debug|Any CPU.Build.0 = Debug|Any CPU
		{012B3587-F0A8-4905-AB14-359C31F10B75}.Debug|Mixed Platforms.ActiveCfg = Debug|Any CPU
		{012B3587-F0A8-4905-AB14-359C31F10B75}.Debug|Mixed Platforms.Build.0 = Debug|Any CPU
		{012B3587-F0A8-4905-AB14-359C31F10B75}.Debug|x86.ActiveCfg = Debug|Any CPU
		{012B3587-F0A8-4905-AB14-359C31F10B75}.Release|Any CPU.ActiveCfg = Release|Any CPU
		{012B3587-F0A8-4905-AB14-359C31F10B75}.Release|Any CPU.Build.0 = Release|Any CPU
		{012B3587-F0A8-4905-AB14-359C31F10B75}.Release|Mixed Platforms.ActiveCfg = Release|Any CPU
		{012B3587-F0A8-4905-AB14-359C31F10B75}.Release|Mixed Platforms.Build.0 = Release|Any CPU
		{012B3587-F0A8-4905-AB14-359C31F10B75}.Release|x86.ActiveCfg = Release|Any CPU
		{22349562-CCE4-43BA-BE12-54950CD3FDE6}.Debug|Any CPU.ActiveCfg = Debug|Any CPU
		{22349562-CCE4-43BA-BE12-54950CD3FDE6}.Debug|Any CPU.Build.0 = Debug|Any CPU
		{22349562-CCE4-43BA-BE12-54950CD3FDE6}.Debug|Mixed Platforms.ActiveCfg = Debug|Any CPU
		{22349562-CCE4-43BA-BE12-54950CD3FDE6}.Debug|Mixed Platforms.Build.0 = Debug|Any CPU
		{22349562-CCE4-43BA-BE12-54950CD3FDE6}.Debug|x86.ActiveCfg = Debug|Any CPU
		{22349562-CCE4-43BA-BE12-54950CD3FDE6}.Release|Any CPU.ActiveCfg = Release|Any CPU
		{22349562-CCE4-43BA-BE12-54950CD3FDE6}.Release|Any CPU.Build.0 = Release|Any CPU
		{22349562-CCE4-43BA-BE12-54950CD3FDE6}.Release|Mixed Platforms.ActiveCfg = Release|Any CPU
		{22349562-CCE4-43BA-BE12-54950CD3FDE6}.Release|Mixed Platforms.Build.0 = Release|Any CPU
		{22349562-CCE4-43BA-BE12-54950CD3FDE6}.Release|x86.ActiveCfg = Release|Any CPU
		{ABF16C06-E815-40C8-9194-13D9BE11E019}.Debug|Any CPU.ActiveCfg = Debug|Any CPU
		{ABF16C06-E815-40C8-9194-13D9BE11E019}.Debug|Any CPU.Build.0 = Debug|Any CPU
		{ABF16C06-E815-40C8-9194-13D9BE11E019}.Debug|Mixed Platforms.ActiveCfg = Debug|Any CPU
		{ABF16C06-E815-40C8-9194-13D9BE11E019}.Debug|Mixed Platforms.Build.0 = Debug|Any CPU
		{ABF16C06-E815-40C8-9194-13D9BE11E019}.Debug|x86.ActiveCfg = Debug|Any CPU
		{ABF16C06-E815-40C8-9194-13D9BE11E019}.Release|Any CPU.ActiveCfg = Release|Any CPU
		{ABF16C06-E815-40C8-9194-13D9BE11E019}.Release|Any CPU.Build.0 = Release|Any CPU
		{ABF16C06-E815-40C8-9194-13D9BE11E019}.Release|Mixed Platforms.ActiveCfg = Release|Any CPU
		{ABF16C06-E815-40C8-9194-13D9BE11E019}.Release|Mixed Platforms.Build.0 = Release|Any CPU
		{ABF16C06-E815-40C8-9194-13D9BE11E019}.Release|x86.ActiveCfg = Release|Any CPU
		{14F02E00-9ED6-4730-BE4D-F0DF96853A21}.Debug|Any CPU.ActiveCfg = Debug|Any CPU
		{14F02E00-9ED6-4730-BE4D-F0DF96853A21}.Debug|Any CPU.Build.0 = Debug|Any CPU
		{14F02E00-9ED6-4730-BE4D-F0DF96853A21}.Debug|Mixed Platforms.ActiveCfg = Debug|Any CPU
		{14F02E00-9ED6-4730-BE4D-F0DF96853A21}.Debug|Mixed Platforms.Build.0 = Debug|Any CPU
		{14F02E00-9ED6-4730-BE4D-F0DF96853A21}.Debug|x86.ActiveCfg = Debug|Any CPU
		{14F02E00-9ED6-4730-BE4D-F0DF96853A21}.Release|Any CPU.ActiveCfg = Release|Any CPU
		{14F02E00-9ED6-4730-BE4D-F0DF96853A21}.Release|Any CPU.Build.0 = Release|Any CPU
		{14F02E00-9ED6-4730-BE4D-F0DF96853A21}.Release|Mixed Platforms.ActiveCfg = Release|Any CPU
		{14F02E00-9ED6-4730-BE4D-F0DF96853A21}.Release|Mixed Platforms.Build.0 = Release|Any CPU
		{14F02E00-9ED6-4730-BE4D-F0DF96853A21}.Release|x86.ActiveCfg = Release|Any CPU
		{881FABE6-BA89-4242-9686-864E75EC541C}.Debug|Any CPU.ActiveCfg = Debug|Any CPU
		{881FABE6-BA89-4242-9686-864E75EC541C}.Debug|Any CPU.Build.0 = Debug|Any CPU
		{881FABE6-BA89-4242-9686-864E75EC541C}.Debug|Mixed Platforms.ActiveCfg = Debug|Any CPU
		{881FABE6-BA89-4242-9686-864E75EC541C}.Debug|Mixed Platforms.Build.0 = Debug|Any CPU
		{881FABE6-BA89-4242-9686-864E75EC541C}.Debug|x86.ActiveCfg = Debug|Any CPU
		{881FABE6-BA89-4242-9686-864E75EC541C}.Release|Any CPU.ActiveCfg = Release|Any CPU
		{881FABE6-BA89-4242-9686-864E75EC541C}.Release|Any CPU.Build.0 = Release|Any CPU
		{881FABE6-BA89-4242-9686-864E75EC541C}.Release|Mixed Platforms.ActiveCfg = Release|Any CPU
		{881FABE6-BA89-4242-9686-864E75EC541C}.Release|Mixed Platforms.Build.0 = Release|Any CPU
		{881FABE6-BA89-4242-9686-864E75EC541C}.Release|x86.ActiveCfg = Release|Any CPU
		{BC3EA63B-C589-43B1-A24D-AD89BE556E5E}.Debug|Any CPU.ActiveCfg = Debug|Any CPU
		{BC3EA63B-C589-43B1-A24D-AD89BE556E5E}.Debug|Any CPU.Build.0 = Debug|Any CPU
		{BC3EA63B-C589-43B1-A24D-AD89BE556E5E}.Debug|Mixed Platforms.ActiveCfg = Debug|Any CPU
		{BC3EA63B-C589-43B1-A24D-AD89BE556E5E}.Debug|Mixed Platforms.Build.0 = Debug|Any CPU
		{BC3EA63B-C589-43B1-A24D-AD89BE556E5E}.Debug|x86.ActiveCfg = Debug|Any CPU
		{BC3EA63B-C589-43B1-A24D-AD89BE556E5E}.Release|Any CPU.ActiveCfg = Release|Any CPU
		{BC3EA63B-C589-43B1-A24D-AD89BE556E5E}.Release|Any CPU.Build.0 = Release|Any CPU
		{BC3EA63B-C589-43B1-A24D-AD89BE556E5E}.Release|Mixed Platforms.ActiveCfg = Release|Any CPU
		{BC3EA63B-C589-43B1-A24D-AD89BE556E5E}.Release|Mixed Platforms.Build.0 = Release|Any CPU
		{BC3EA63B-C589-43B1-A24D-AD89BE556E5E}.Release|x86.ActiveCfg = Release|Any CPU
	EndGlobalSection
	GlobalSection(SolutionProperties) = preSolution
		HideSolutionNode = FALSE
	EndGlobalSection
	GlobalSection(NestedProjects) = preSolution
		{7AD83943-7C0D-40F2-ABC7-0C82896ABA72} = {FC2B19B4-4125-4EAF-BC0A-B3D9D5E6B262}
		{019B04F5-6BA2-49DB-B694-2B6109AC5E58} = {FC2B19B4-4125-4EAF-BC0A-B3D9D5E6B262}
		{E393E5D7-68BB-414B-853D-40A349F907C6} = {FC2B19B4-4125-4EAF-BC0A-B3D9D5E6B262}
		{B45DE25E-AE56-4140-A4F6-6838A1AF3D5B} = {FC2B19B4-4125-4EAF-BC0A-B3D9D5E6B262}
		{47E7ED34-AF30-49F2-9285-AB8972C12418} = {FC2B19B4-4125-4EAF-BC0A-B3D9D5E6B262}
		{2C283D5C-291D-4945-9806-A404959CAC78} = {FC2B19B4-4125-4EAF-BC0A-B3D9D5E6B262}
		{9509EB17-E1BD-46D5-A224-39BC21CEDD53} = {FC2B19B4-4125-4EAF-BC0A-B3D9D5E6B262}
		{29884333-EA92-431D-A1A8-D3C1B95A3DBE} = {FC2B19B4-4125-4EAF-BC0A-B3D9D5E6B262}
		{42DAF458-DC87-482F-8EA0-7C9B6E8413E1} = {FC2B19B4-4125-4EAF-BC0A-B3D9D5E6B262}
		{E2A0ACDC-FF87-4DE9-ACA1-BC3B333EB74F} = {FC2B19B4-4125-4EAF-BC0A-B3D9D5E6B262}
		{C5A4BC48-C14F-4F6B-9564-E04C0A79B7C1} = {7AD83943-7C0D-40F2-ABC7-0C82896ABA72}
		{9EE43841-CE0C-4943-BDFF-1C5E158A0BDB} = {7AD83943-7C0D-40F2-ABC7-0C82896ABA72}
		{964EE8EB-6A7E-4B62-BDBC-37A29E9C0E3B} = {7AD83943-7C0D-40F2-ABC7-0C82896ABA72}
		{8B708CFE-DABA-40D5-8830-4C0D67DAE732} = {7AD83943-7C0D-40F2-ABC7-0C82896ABA72}
		{7E58819E-BCDE-4194-8A83-E8E6E3D050F9} = {7AD83943-7C0D-40F2-ABC7-0C82896ABA72}
		{D44CAE32-71EA-4BD9-8A41-8EC84526B596} = {7AD83943-7C0D-40F2-ABC7-0C82896ABA72}
		{AB030D3B-8B47-4545-86BA-48A8D2AFE020} = {7AD83943-7C0D-40F2-ABC7-0C82896ABA72}
		{B08CBCC8-D079-43E3-B9CC-19A5AC76E107} = {7AD83943-7C0D-40F2-ABC7-0C82896ABA72}
		{06324516-5008-4A34-9C54-041F30F5A229} = {7AD83943-7C0D-40F2-ABC7-0C82896ABA72}
		{3874FD1C-13EB-4746-99ED-E58DE3BF8BEA} = {7AD83943-7C0D-40F2-ABC7-0C82896ABA72}
		{96B4C4B4-5177-4717-9B2F-C74A0C2DF7D5} = {019B04F5-6BA2-49DB-B694-2B6109AC5E58}
		{164036F9-3982-4111-9283-5B323EF85579} = {019B04F5-6BA2-49DB-B694-2B6109AC5E58}
		{DAF18CA8-78EA-417F-8730-0A76B0DA2563} = {019B04F5-6BA2-49DB-B694-2B6109AC5E58}
		{98F827EA-9073-43FD-9131-6B2448461519} = {019B04F5-6BA2-49DB-B694-2B6109AC5E58}
		{5CC44E3B-2D32-4DA2-BE7C-34835F41E096} = {019B04F5-6BA2-49DB-B694-2B6109AC5E58}
		{AE692B68-D00E-4298-8CF5-861F537D93C0} = {019B04F5-6BA2-49DB-B694-2B6109AC5E58}
		{13697ABD-61C5-4EB0-B205-D5192E248CF0} = {019B04F5-6BA2-49DB-B694-2B6109AC5E58}
		{375108F3-ECBF-4BF9-9161-22BBEAB6A7BC} = {E393E5D7-68BB-414B-853D-40A349F907C6}
		{B28F1997-DB42-4C6C-BAB6-0DAB9CF2F32D} = {E393E5D7-68BB-414B-853D-40A349F907C6}
		{F4AC28A6-680A-4758-8E7F-BECB367123DF} = {E393E5D7-68BB-414B-853D-40A349F907C6}
		{AB4E5E08-6B2A-4A9F-ABB3-A8F4CE73FB53} = {E393E5D7-68BB-414B-853D-40A349F907C6}
		{78AC86D7-E801-4A76-9A8F-D167DB08387D} = {E393E5D7-68BB-414B-853D-40A349F907C6}
		{6AEA339E-D930-4834-995D-301892768C10} = {B45DE25E-AE56-4140-A4F6-6838A1AF3D5B}
		{125A7070-AA9F-4A6A-A328-6B744D578885} = {B45DE25E-AE56-4140-A4F6-6838A1AF3D5B}
		{F608B80A-3195-43CE-B1F7-FBDC2F1050DA} = {B45DE25E-AE56-4140-A4F6-6838A1AF3D5B}
		{967D6DB5-DC31-4A7D-8A72-DBCC5A10E5D8} = {B45DE25E-AE56-4140-A4F6-6838A1AF3D5B}
		{95FD08A5-43C8-4E1D-8291-CC8AFE459000} = {47E7ED34-AF30-49F2-9285-AB8972C12418}
		{485C7018-3CB3-4BEB-A101-91EEE4557AEE} = {47E7ED34-AF30-49F2-9285-AB8972C12418}
		{86AD745F-7603-4777-9088-BD418818B833} = {47E7ED34-AF30-49F2-9285-AB8972C12418}
		{67647070-B042-4905-8F92-FF59E094E048} = {2C283D5C-291D-4945-9806-A404959CAC78}
		{3B4397D6-2F39-44F6-A200-3AE6454E793C} = {2C283D5C-291D-4945-9806-A404959CAC78}
		{72D14839-A96B-4BF7-B500-B10672ACC39B} = {9509EB17-E1BD-46D5-A224-39BC21CEDD53}
		{F2AE2A27-677D-46C5-B47B-ACE2CC077C47} = {9509EB17-E1BD-46D5-A224-39BC21CEDD53}
		{ABF16C06-E815-40C8-9194-13D9BE11E019} = {29884333-EA92-431D-A1A8-D3C1B95A3DBE}
		{14F02E00-9ED6-4730-BE4D-F0DF96853A21} = {29884333-EA92-431D-A1A8-D3C1B95A3DBE}
		{881FABE6-BA89-4242-9686-864E75EC541C} = {29884333-EA92-431D-A1A8-D3C1B95A3DBE}
		{24DC44ED-3CBF-4E6B-8F16-64BF8EAC3FF3} = {42DAF458-DC87-482F-8EA0-7C9B6E8413E1}
		{B8D845C3-C12D-4123-843B-7D48B4F9DFCB} = {42DAF458-DC87-482F-8EA0-7C9B6E8413E1}
		{012B3587-F0A8-4905-AB14-359C31F10B75} = {42DAF458-DC87-482F-8EA0-7C9B6E8413E1}
		{22349562-CCE4-43BA-BE12-54950CD3FDE6} = {42DAF458-DC87-482F-8EA0-7C9B6E8413E1}
		{BC3EA63B-C589-43B1-A24D-AD89BE556E5E} = {E2A0ACDC-FF87-4DE9-ACA1-BC3B333EB74F}
	EndGlobalSection
EndGlobal
