
Microsoft Visual Studio Solution File, Format Version 12.00
# Visual Studio 2012
Project("{930C7802-8A8C-48F9-8165-68863BCCD9DD}") = "Kean.Installer", "Kean.Installer\Kean.Installer.wixproj", "{5640E2C7-4875-4A8E-94D3-3A4929BB3F96}"
EndProject
Project("{2150E333-8FDC-42A3-9474-1A3956D46DE8}") = ".nuget", ".nuget", "{757D9757-9EC6-45B2-84A8-7437A5FD5FD2}"
	ProjectSection(SolutionItems) = preProject
		.nuget\NuGet.Config = .nuget\NuGet.Config
		.nuget\nuget.exe = .nuget\nuget.exe
		.nuget\NuGet.targets = .nuget\NuGet.targets
	EndProjectSection
EndProject
Project("{2150E333-8FDC-42A3-9474-1A3956D46DE8}") = "Kean", "Kean", "{FC2B19B4-4125-4EAF-BC0A-B3D9D5E6B262}"
EndProject
Project("{FAE04EC0-301F-11D3-BF4B-00C04F79EFBC}") = "Kean", "Kean\Kean.csproj", "{DB8ACBAC-64DF-439B-BFCD-564D51661CE2}"
EndProject
Global
	GlobalSection(SolutionConfigurationPlatforms) = preSolution
		Debug|Any CPU = Debug|Any CPU
		Debug|Mixed Platforms = Debug|Mixed Platforms
		Debug|x86 = Debug|x86
		Release|Any CPU = Release|Any CPU
		Release|Mixed Platforms = Release|Mixed Platforms
		Release|x86 = Release|x86
	EndGlobalSection
	GlobalSection(ProjectConfigurationPlatforms) = postSolution
		{5640E2C7-4875-4A8E-94D3-3A4929BB3F96}.Debug|Any CPU.ActiveCfg = Debug|x86
		{5640E2C7-4875-4A8E-94D3-3A4929BB3F96}.Debug|Mixed Platforms.ActiveCfg = Debug|x86
		{5640E2C7-4875-4A8E-94D3-3A4929BB3F96}.Debug|Mixed Platforms.Build.0 = Debug|x86
		{5640E2C7-4875-4A8E-94D3-3A4929BB3F96}.Debug|x86.ActiveCfg = Debug|x86
		{5640E2C7-4875-4A8E-94D3-3A4929BB3F96}.Debug|x86.Build.0 = Debug|x86
		{5640E2C7-4875-4A8E-94D3-3A4929BB3F96}.Release|Any CPU.ActiveCfg = Release|x86
		{5640E2C7-4875-4A8E-94D3-3A4929BB3F96}.Release|Mixed Platforms.ActiveCfg = Release|x86
		{5640E2C7-4875-4A8E-94D3-3A4929BB3F96}.Release|Mixed Platforms.Build.0 = Release|x86
		{5640E2C7-4875-4A8E-94D3-3A4929BB3F96}.Release|x86.ActiveCfg = Release|x86
		{5640E2C7-4875-4A8E-94D3-3A4929BB3F96}.Release|x86.Build.0 = Release|x86
		{DB8ACBAC-64DF-439B-BFCD-564D51661CE2}.Debug|Any CPU.ActiveCfg = Debug|Any CPU
		{DB8ACBAC-64DF-439B-BFCD-564D51661CE2}.Debug|Any CPU.Build.0 = Debug|Any CPU
		{DB8ACBAC-64DF-439B-BFCD-564D51661CE2}.Debug|Mixed Platforms.ActiveCfg = Debug|Any CPU
		{DB8ACBAC-64DF-439B-BFCD-564D51661CE2}.Debug|Mixed Platforms.Build.0 = Debug|Any CPU
		{DB8ACBAC-64DF-439B-BFCD-564D51661CE2}.Debug|x86.ActiveCfg = Debug|Any CPU
		{DB8ACBAC-64DF-439B-BFCD-564D51661CE2}.Release|Any CPU.ActiveCfg = Release|Any CPU
		{DB8ACBAC-64DF-439B-BFCD-564D51661CE2}.Release|Any CPU.Build.0 = Release|Any CPU
		{DB8ACBAC-64DF-439B-BFCD-564D51661CE2}.Release|Mixed Platforms.ActiveCfg = Release|Any CPU
		{DB8ACBAC-64DF-439B-BFCD-564D51661CE2}.Release|Mixed Platforms.Build.0 = Release|Any CPU
		{DB8ACBAC-64DF-439B-BFCD-564D51661CE2}.Release|x86.ActiveCfg = Release|Any CPU
	EndGlobalSection
	GlobalSection(SolutionProperties) = preSolution
		HideSolutionNode = FALSE
	EndGlobalSection
	GlobalSection(NestedProjects) = preSolution
		{DB8ACBAC-64DF-439B-BFCD-564D51661CE2} = {FC2B19B4-4125-4EAF-BC0A-B3D9D5E6B262}
	EndGlobalSection
EndGlobal
