
Microsoft Visual Studio Solution File, Format Version 10.00
# Visual Studio 2008
Project("{FAE04EC0-301F-11D3-BF4B-00C04F79EFBC}") = "Kean.Test.Run", "src\Kean.Test.Run\Kean.Test.Run.csproj", "{5E3AAF21-1E60-493D-B58B-66F1BDA18668}"
EndProject
Project("{FAE04EC0-301F-11D3-BF4B-00C04F79EFBC}") = "Kean.Core.Basis", "src\Kean.Core.Basis\Kean.Core.Basis.csproj", "{C5A4BC48-C14F-4F6B-9564-E04C0A79B7C1}"
EndProject
Project("{FAE04EC0-301F-11D3-BF4B-00C04F79EFBC}") = "Kean.Core.Collection", "src\Kean.Core.Collection\Kean.Core.Collection.csproj", "{964EE8EB-6A7E-4B62-BDBC-37A29E9C0E3B}"
EndProject
Project("{FAE04EC0-301F-11D3-BF4B-00C04F79EFBC}") = "Kean.Core.Error", "src\Kean.Core.Error\Kean.Core.Error.csproj", "{9EE43841-CE0C-4943-BDFF-1C5E158A0BDB}"
EndProject
Project("{FAE04EC0-301F-11D3-BF4B-00C04F79EFBC}") = "Kean.Core.Notify", "src\Kean.Core.Notify\Kean.Core.Notify.csproj", "{3874FD1C-13EB-4746-99ED-E58DE3BF8BEA}"
EndProject
Project("{FAE04EC0-301F-11D3-BF4B-00C04F79EFBC}") = "Kean.Core.Configure", "src\Kean.Core.Configure\Kean.Core.Configure.csproj", "{5E44F980-7706-49A8-96F2-80DF5EF36A4A}"
EndProject
Project("{FAE04EC0-301F-11D3-BF4B-00C04F79EFBC}") = "Kean.Core.Reflect", "src\Kean.Core.Reflect\Kean.Core.Reflect.csproj", "{D44CAE32-71EA-4BD9-8A41-8EC84526B596}"
EndProject
Project("{FAE04EC0-301F-11D3-BF4B-00C04F79EFBC}") = "Kean.Core.Serialize", "src\Kean.Core.Serialize\Kean.Core.Serialize.csproj", "{06324516-5008-4A34-9C54-041F30F5A229}"
EndProject
Project("{FAE04EC0-301F-11D3-BF4B-00C04F79EFBC}") = "Kean.Test.Core.Basis", "src\Kean.Test.Core.Basis\Kean.Test.Core.Basis.csproj", "{C7D3F01E-01B5-463E-A574-29B5F97E38BF}"
EndProject
Project("{FAE04EC0-301F-11D3-BF4B-00C04F79EFBC}") = "Kean.Test.Core.Error", "src\Kean.Test.Core.Error\Kean.Test.Core.Error.csproj", "{BFF45F8C-EA7D-4B63-9DEB-8196AD061D10}"
EndProject
Project("{FAE04EC0-301F-11D3-BF4B-00C04F79EFBC}") = "Kean.IO.Sms", "src\Kean.IO.Sms\Kean.IO.Sms.csproj", "{65681DE0-A252-46AD-890B-948EFCC7FAE1}"
EndProject
Project("{FAE04EC0-301F-11D3-BF4B-00C04F79EFBC}") = "Kean.Extra.Log", "src\Kean.Extra.Log\Kean.Extra.Log.csproj", "{14F02E00-9ED6-4730-BE4D-F0DF96853A21}"
EndProject
Project("{FAE04EC0-301F-11D3-BF4B-00C04F79EFBC}") = "Kean.Test.Extra.Log", "src\Kean.Test.Extra.Log\Kean.Test.Extra.Log.csproj", "{D2F9493F-95CB-4084-B734-64B2B30B78E1}"
EndProject
Project("{FAE04EC0-301F-11D3-BF4B-00C04F79EFBC}") = "Kean.Test.Core.Configure", "src\Kean.Test.Core.Configure\Kean.Test.Core.Configure.csproj", "{EB56B72C-87A6-4C97-9185-A554DB2F352F}"
EndProject
Project("{FAE04EC0-301F-11D3-BF4B-00C04F79EFBC}") = "Kean.Test.Core.Collection", "src\Kean.Test.Core.Collection\Kean.Test.Core.Collection.csproj", "{598867CF-A027-46EA-A5C8-0EF7FD21A61C}"
EndProject
Project("{FAE04EC0-301F-11D3-BF4B-00C04F79EFBC}") = "Kean.Math", "src\Kean.Math\Kean.Math.csproj", "{96B4C4B4-5177-4717-9B2F-C74A0C2DF7D5}"
EndProject
Project("{FAE04EC0-301F-11D3-BF4B-00C04F79EFBC}") = "Kean.Math.Geometry2D", "src\Kean.Math.Geometry2D\Kean.Math.Geometry2D.csproj", "{DAF18CA8-78EA-417F-8730-0A76B0DA2563}"
EndProject
Project("{FAE04EC0-301F-11D3-BF4B-00C04F79EFBC}") = "Kean.Math.Matrix", "src\Kean.Math.Matrix\Kean.Math.Matrix.csproj", "{5CC44E3B-2D32-4DA2-BE7C-34835F41E096}"
EndProject
Project("{FAE04EC0-301F-11D3-BF4B-00C04F79EFBC}") = "Kean.Test.Math.Matrix", "src\Kean.Test.Math.Matrix\Kean.Test.Math.Matrix.csproj", "{BD991150-B5EC-4B16-B216-D3EFBBEC5A56}"
EndProject
Project("{FAE04EC0-301F-11D3-BF4B-00C04F79EFBC}") = "Kean.Test.Math", "src\Kean.Test.Math\Kean.Test.Math.csproj", "{F1B6351E-9D97-4242-9DFF-CF0E02D725DA}"
EndProject
Project("{FAE04EC0-301F-11D3-BF4B-00C04F79EFBC}") = "Kean.Test.Math.Geometry2D", "src\Kean.Test.Math.Geometry2D\Kean.Test.Math.Geometry2D.csproj", "{D0806771-B1E2-48E8-9AC0-8D841E0252A9}"
EndProject
Project("{FAE04EC0-301F-11D3-BF4B-00C04F79EFBC}") = "Kean.Math.Geometry3D", "src\Kean.Math.Geometry3D\Kean.Math.Geometry3D.csproj", "{98F827EA-9073-43FD-9131-6B2448461519}"
EndProject
Project("{FAE04EC0-301F-11D3-BF4B-00C04F79EFBC}") = "Kean.Test.Math.Geometry3D", "src\Kean.Test.Math.Geometry3D\Kean.Test.Math.Geometry3D.csproj", "{04C986CD-C42E-4E28-A0C0-CA0C3F45C75E}"
EndProject
Project("{FAE04EC0-301F-11D3-BF4B-00C04F79EFBC}") = "Kean.Math.Complex", "src\Kean.Math.Complex\Kean.Math.Complex.csproj", "{164036F9-3982-4111-9283-5B323EF85579}"
EndProject
Project("{FAE04EC0-301F-11D3-BF4B-00C04F79EFBC}") = "Kean.Test.Math.Complex", "src\Kean.Test.Math.Complex\Kean.Test.Math.Complex.csproj", "{A1C3ED29-A096-452D-BB4F-C4AA654C0584}"
EndProject
Project("{FAE04EC0-301F-11D3-BF4B-00C04F79EFBC}") = "Kean.Test.IO.Sms", "src\Kean.Test.IO.Sms\Kean.Test.IO.Sms.csproj", "{74D8FF69-5DB2-4765-B506-B16C9CF379DF}"
EndProject
Project("{FAE04EC0-301F-11D3-BF4B-00C04F79EFBC}") = "Kean.IO.Serial", "src\Kean.IO.Serial\Kean.IO.Serial.csproj", "{1137D63C-EBEA-4E27-8277-E5299A943059}"
EndProject
Project("{FAE04EC0-301F-11D3-BF4B-00C04F79EFBC}") = "Kean.IO.Modem", "src\Kean.IO.Modem\Kean.IO.Modem.csproj", "{5F83E263-8EFC-4EC1-A5BA-3598E7CBD45F}"
EndProject
Project("{FAE04EC0-301F-11D3-BF4B-00C04F79EFBC}") = "Kean.Math.Random", "src\Kean.Math.Random\Kean.Math.Random.csproj", "{AE692B68-D00E-4298-8CF5-861F537D93C0}"
EndProject
Project("{FAE04EC0-301F-11D3-BF4B-00C04F79EFBC}") = "Kean.Test.Math.Random", "src\Kean.Test.Math.Random\Kean.Test.Math.Random.csproj", "{B5AE13FE-2A69-488B-8B0E-54611C8D4DC5}"
EndProject
Project("{FAE04EC0-301F-11D3-BF4B-00C04F79EFBC}") = "Kean.Math.Regression", "src\Kean.Math.Regression\Kean.Math.Regression.csproj", "{13697ABD-61C5-4EB0-B205-D5192E248CF0}"
EndProject
Project("{FAE04EC0-301F-11D3-BF4B-00C04F79EFBC}") = "Kean.Test.Math.Regression", "src\Kean.Test.Math.Regression\Kean.Test.Math.Regression.csproj", "{D6CCD665-26E4-4122-A680-930327FF4B8F}"
EndProject
Project("{FAE04EC0-301F-11D3-BF4B-00C04F79EFBC}") = "Kean.Xml", "src\Kean.Xml\Kean.Xml.csproj", "{6AEA339E-D930-4834-995D-301892768C10}"
EndProject
Project("{FAE04EC0-301F-11D3-BF4B-00C04F79EFBC}") = "Kean.Xml.Dom", "src\Kean.Xml.Dom\Kean.Xml.Dom.csproj", "{F608B80A-3195-43CE-B1F7-FBDC2F1050DA}"
EndProject
Project("{FAE04EC0-301F-11D3-BF4B-00C04F79EFBC}") = "Kean.Xml.Sax", "src\Kean.Xml.Sax\Kean.Xml.Sax.csproj", "{125A7070-AA9F-4A6A-A328-6B744D578885}"
EndProject
Project("{FAE04EC0-301F-11D3-BF4B-00C04F79EFBC}") = "Kean.Cli.Argument", "src\Kean.Cli.Argument\Kean.Cli.Argument.csproj", "{3B4397D6-2F39-44F6-A200-3AE6454E793C}"
EndProject
Project("{FAE04EC0-301F-11D3-BF4B-00C04F79EFBC}") = "Kean.Core.Buffer", "src\Kean.Core.Buffer\Kean.Core.Buffer.csproj", "{AB030D3B-8B47-4545-86BA-48A8D2AFE020}"
EndProject
Global
	GlobalSection(SolutionConfigurationPlatforms) = preSolution
		Debug|Any CPU = Debug|Any CPU
		Debug|Mixed Platforms = Debug|Mixed Platforms
		Debug|x86 = Debug|x86
		Default|Any CPU = Default|Any CPU
		Default|Mixed Platforms = Default|Mixed Platforms
		Default|x86 = Default|x86
		Release|Any CPU = Release|Any CPU
		Release|Mixed Platforms = Release|Mixed Platforms
		Release|x86 = Release|x86
	EndGlobalSection
	GlobalSection(ProjectConfigurationPlatforms) = postSolution
		{5E3AAF21-1E60-493D-B58B-66F1BDA18668}.Debug|Any CPU.ActiveCfg = Debug|Any CPU
		{5E3AAF21-1E60-493D-B58B-66F1BDA18668}.Debug|Any CPU.Build.0 = Debug|Any CPU
		{5E3AAF21-1E60-493D-B58B-66F1BDA18668}.Debug|Mixed Platforms.ActiveCfg = Debug|Any CPU
		{5E3AAF21-1E60-493D-B58B-66F1BDA18668}.Debug|Mixed Platforms.Build.0 = Debug|Any CPU
		{5E3AAF21-1E60-493D-B58B-66F1BDA18668}.Debug|x86.ActiveCfg = Debug|Any CPU
		{5E3AAF21-1E60-493D-B58B-66F1BDA18668}.Default|Any CPU.ActiveCfg = Debug|Any CPU
		{5E3AAF21-1E60-493D-B58B-66F1BDA18668}.Default|Mixed Platforms.ActiveCfg = Debug|Any CPU
		{5E3AAF21-1E60-493D-B58B-66F1BDA18668}.Default|Mixed Platforms.Build.0 = Debug|Any CPU
		{5E3AAF21-1E60-493D-B58B-66F1BDA18668}.Default|x86.ActiveCfg = Debug|Any CPU
		{5E3AAF21-1E60-493D-B58B-66F1BDA18668}.Release|Any CPU.ActiveCfg = Release|Any CPU
		{5E3AAF21-1E60-493D-B58B-66F1BDA18668}.Release|Any CPU.Build.0 = Release|Any CPU
		{5E3AAF21-1E60-493D-B58B-66F1BDA18668}.Release|Mixed Platforms.ActiveCfg = Release|Any CPU
		{5E3AAF21-1E60-493D-B58B-66F1BDA18668}.Release|Mixed Platforms.Build.0 = Release|Any CPU
		{5E3AAF21-1E60-493D-B58B-66F1BDA18668}.Release|x86.ActiveCfg = Release|Any CPU
		{C5A4BC48-C14F-4F6B-9564-E04C0A79B7C1}.Debug|Any CPU.ActiveCfg = Debug|Any CPU
		{C5A4BC48-C14F-4F6B-9564-E04C0A79B7C1}.Debug|Any CPU.Build.0 = Debug|Any CPU
		{C5A4BC48-C14F-4F6B-9564-E04C0A79B7C1}.Debug|Mixed Platforms.ActiveCfg = Debug|Any CPU
		{C5A4BC48-C14F-4F6B-9564-E04C0A79B7C1}.Debug|Mixed Platforms.Build.0 = Debug|Any CPU
		{C5A4BC48-C14F-4F6B-9564-E04C0A79B7C1}.Debug|x86.ActiveCfg = Debug|Any CPU
		{C5A4BC48-C14F-4F6B-9564-E04C0A79B7C1}.Default|Any CPU.ActiveCfg = Debug|Any CPU
		{C5A4BC48-C14F-4F6B-9564-E04C0A79B7C1}.Default|Mixed Platforms.ActiveCfg = Debug|Any CPU
		{C5A4BC48-C14F-4F6B-9564-E04C0A79B7C1}.Default|Mixed Platforms.Build.0 = Debug|Any CPU
		{C5A4BC48-C14F-4F6B-9564-E04C0A79B7C1}.Default|x86.ActiveCfg = Debug|Any CPU
		{C5A4BC48-C14F-4F6B-9564-E04C0A79B7C1}.Release|Any CPU.ActiveCfg = Release|Any CPU
		{C5A4BC48-C14F-4F6B-9564-E04C0A79B7C1}.Release|Any CPU.Build.0 = Release|Any CPU
		{C5A4BC48-C14F-4F6B-9564-E04C0A79B7C1}.Release|Mixed Platforms.ActiveCfg = Release|Any CPU
		{C5A4BC48-C14F-4F6B-9564-E04C0A79B7C1}.Release|Mixed Platforms.Build.0 = Release|Any CPU
		{C5A4BC48-C14F-4F6B-9564-E04C0A79B7C1}.Release|x86.ActiveCfg = Release|Any CPU
		{964EE8EB-6A7E-4B62-BDBC-37A29E9C0E3B}.Debug|Any CPU.ActiveCfg = Debug|Any CPU
		{964EE8EB-6A7E-4B62-BDBC-37A29E9C0E3B}.Debug|Any CPU.Build.0 = Debug|Any CPU
		{964EE8EB-6A7E-4B62-BDBC-37A29E9C0E3B}.Debug|Mixed Platforms.ActiveCfg = Debug|Any CPU
		{964EE8EB-6A7E-4B62-BDBC-37A29E9C0E3B}.Debug|Mixed Platforms.Build.0 = Debug|Any CPU
		{964EE8EB-6A7E-4B62-BDBC-37A29E9C0E3B}.Debug|x86.ActiveCfg = Debug|Any CPU
		{964EE8EB-6A7E-4B62-BDBC-37A29E9C0E3B}.Default|Any CPU.ActiveCfg = Debug|Any CPU
		{964EE8EB-6A7E-4B62-BDBC-37A29E9C0E3B}.Default|Mixed Platforms.ActiveCfg = Debug|Any CPU
		{964EE8EB-6A7E-4B62-BDBC-37A29E9C0E3B}.Default|Mixed Platforms.Build.0 = Debug|Any CPU
		{964EE8EB-6A7E-4B62-BDBC-37A29E9C0E3B}.Default|x86.ActiveCfg = Debug|Any CPU
		{964EE8EB-6A7E-4B62-BDBC-37A29E9C0E3B}.Release|Any CPU.ActiveCfg = Release|Any CPU
		{964EE8EB-6A7E-4B62-BDBC-37A29E9C0E3B}.Release|Any CPU.Build.0 = Release|Any CPU
		{964EE8EB-6A7E-4B62-BDBC-37A29E9C0E3B}.Release|Mixed Platforms.ActiveCfg = Release|Any CPU
		{964EE8EB-6A7E-4B62-BDBC-37A29E9C0E3B}.Release|Mixed Platforms.Build.0 = Release|Any CPU
		{964EE8EB-6A7E-4B62-BDBC-37A29E9C0E3B}.Release|x86.ActiveCfg = Release|Any CPU
		{9EE43841-CE0C-4943-BDFF-1C5E158A0BDB}.Debug|Any CPU.ActiveCfg = Debug|Any CPU
		{9EE43841-CE0C-4943-BDFF-1C5E158A0BDB}.Debug|Any CPU.Build.0 = Debug|Any CPU
		{9EE43841-CE0C-4943-BDFF-1C5E158A0BDB}.Debug|Mixed Platforms.ActiveCfg = Debug|Any CPU
		{9EE43841-CE0C-4943-BDFF-1C5E158A0BDB}.Debug|Mixed Platforms.Build.0 = Debug|Any CPU
		{9EE43841-CE0C-4943-BDFF-1C5E158A0BDB}.Debug|x86.ActiveCfg = Debug|Any CPU
		{9EE43841-CE0C-4943-BDFF-1C5E158A0BDB}.Default|Any CPU.ActiveCfg = Debug|Any CPU
		{9EE43841-CE0C-4943-BDFF-1C5E158A0BDB}.Default|Mixed Platforms.ActiveCfg = Debug|Any CPU
		{9EE43841-CE0C-4943-BDFF-1C5E158A0BDB}.Default|Mixed Platforms.Build.0 = Debug|Any CPU
		{9EE43841-CE0C-4943-BDFF-1C5E158A0BDB}.Default|x86.ActiveCfg = Debug|Any CPU
		{9EE43841-CE0C-4943-BDFF-1C5E158A0BDB}.Release|Any CPU.ActiveCfg = Release|Any CPU
		{9EE43841-CE0C-4943-BDFF-1C5E158A0BDB}.Release|Any CPU.Build.0 = Release|Any CPU
		{9EE43841-CE0C-4943-BDFF-1C5E158A0BDB}.Release|Mixed Platforms.ActiveCfg = Release|Any CPU
		{9EE43841-CE0C-4943-BDFF-1C5E158A0BDB}.Release|Mixed Platforms.Build.0 = Release|Any CPU
		{9EE43841-CE0C-4943-BDFF-1C5E158A0BDB}.Release|x86.ActiveCfg = Release|Any CPU
		{3874FD1C-13EB-4746-99ED-E58DE3BF8BEA}.Debug|Any CPU.ActiveCfg = Debug|Any CPU
		{3874FD1C-13EB-4746-99ED-E58DE3BF8BEA}.Debug|Any CPU.Build.0 = Debug|Any CPU
		{3874FD1C-13EB-4746-99ED-E58DE3BF8BEA}.Debug|Mixed Platforms.ActiveCfg = Debug|Any CPU
		{3874FD1C-13EB-4746-99ED-E58DE3BF8BEA}.Debug|Mixed Platforms.Build.0 = Debug|Any CPU
		{3874FD1C-13EB-4746-99ED-E58DE3BF8BEA}.Debug|x86.ActiveCfg = Debug|Any CPU
		{3874FD1C-13EB-4746-99ED-E58DE3BF8BEA}.Default|Any CPU.ActiveCfg = Debug|Any CPU
		{3874FD1C-13EB-4746-99ED-E58DE3BF8BEA}.Default|Mixed Platforms.ActiveCfg = Debug|Any CPU
		{3874FD1C-13EB-4746-99ED-E58DE3BF8BEA}.Default|Mixed Platforms.Build.0 = Debug|Any CPU
		{3874FD1C-13EB-4746-99ED-E58DE3BF8BEA}.Default|x86.ActiveCfg = Debug|Any CPU
		{3874FD1C-13EB-4746-99ED-E58DE3BF8BEA}.Release|Any CPU.ActiveCfg = Release|Any CPU
		{3874FD1C-13EB-4746-99ED-E58DE3BF8BEA}.Release|Any CPU.Build.0 = Release|Any CPU
		{3874FD1C-13EB-4746-99ED-E58DE3BF8BEA}.Release|Mixed Platforms.ActiveCfg = Release|Any CPU
		{3874FD1C-13EB-4746-99ED-E58DE3BF8BEA}.Release|Mixed Platforms.Build.0 = Release|Any CPU
		{3874FD1C-13EB-4746-99ED-E58DE3BF8BEA}.Release|x86.ActiveCfg = Release|Any CPU
		{5E44F980-7706-49A8-96F2-80DF5EF36A4A}.Debug|Any CPU.ActiveCfg = Debug|Any CPU
		{5E44F980-7706-49A8-96F2-80DF5EF36A4A}.Debug|Any CPU.Build.0 = Debug|Any CPU
		{5E44F980-7706-49A8-96F2-80DF5EF36A4A}.Debug|Mixed Platforms.ActiveCfg = Debug|Any CPU
		{5E44F980-7706-49A8-96F2-80DF5EF36A4A}.Debug|Mixed Platforms.Build.0 = Debug|Any CPU
		{5E44F980-7706-49A8-96F2-80DF5EF36A4A}.Debug|x86.ActiveCfg = Debug|Any CPU
		{5E44F980-7706-49A8-96F2-80DF5EF36A4A}.Default|Any CPU.ActiveCfg = Debug|Any CPU
		{5E44F980-7706-49A8-96F2-80DF5EF36A4A}.Default|Mixed Platforms.ActiveCfg = Debug|Any CPU
		{5E44F980-7706-49A8-96F2-80DF5EF36A4A}.Default|Mixed Platforms.Build.0 = Debug|Any CPU
		{5E44F980-7706-49A8-96F2-80DF5EF36A4A}.Default|x86.ActiveCfg = Debug|Any CPU
		{5E44F980-7706-49A8-96F2-80DF5EF36A4A}.Release|Any CPU.ActiveCfg = Release|Any CPU
		{5E44F980-7706-49A8-96F2-80DF5EF36A4A}.Release|Any CPU.Build.0 = Release|Any CPU
		{5E44F980-7706-49A8-96F2-80DF5EF36A4A}.Release|Mixed Platforms.ActiveCfg = Release|Any CPU
		{5E44F980-7706-49A8-96F2-80DF5EF36A4A}.Release|Mixed Platforms.Build.0 = Release|Any CPU
		{5E44F980-7706-49A8-96F2-80DF5EF36A4A}.Release|x86.ActiveCfg = Release|Any CPU
		{D44CAE32-71EA-4BD9-8A41-8EC84526B596}.Debug|Any CPU.ActiveCfg = Debug|Any CPU
		{D44CAE32-71EA-4BD9-8A41-8EC84526B596}.Debug|Any CPU.Build.0 = Debug|Any CPU
		{D44CAE32-71EA-4BD9-8A41-8EC84526B596}.Debug|Mixed Platforms.ActiveCfg = Debug|Any CPU
		{D44CAE32-71EA-4BD9-8A41-8EC84526B596}.Debug|Mixed Platforms.Build.0 = Debug|Any CPU
		{D44CAE32-71EA-4BD9-8A41-8EC84526B596}.Debug|x86.ActiveCfg = Debug|Any CPU
		{D44CAE32-71EA-4BD9-8A41-8EC84526B596}.Default|Any CPU.ActiveCfg = Debug|Any CPU
		{D44CAE32-71EA-4BD9-8A41-8EC84526B596}.Default|Mixed Platforms.ActiveCfg = Debug|Any CPU
		{D44CAE32-71EA-4BD9-8A41-8EC84526B596}.Default|Mixed Platforms.Build.0 = Debug|Any CPU
		{D44CAE32-71EA-4BD9-8A41-8EC84526B596}.Default|x86.ActiveCfg = Debug|Any CPU
		{D44CAE32-71EA-4BD9-8A41-8EC84526B596}.Release|Any CPU.ActiveCfg = Release|Any CPU
		{D44CAE32-71EA-4BD9-8A41-8EC84526B596}.Release|Any CPU.Build.0 = Release|Any CPU
		{D44CAE32-71EA-4BD9-8A41-8EC84526B596}.Release|Mixed Platforms.ActiveCfg = Release|Any CPU
		{D44CAE32-71EA-4BD9-8A41-8EC84526B596}.Release|Mixed Platforms.Build.0 = Release|Any CPU
		{D44CAE32-71EA-4BD9-8A41-8EC84526B596}.Release|x86.ActiveCfg = Release|Any CPU
		{06324516-5008-4A34-9C54-041F30F5A229}.Debug|Any CPU.ActiveCfg = Debug|Any CPU
		{06324516-5008-4A34-9C54-041F30F5A229}.Debug|Any CPU.Build.0 = Debug|Any CPU
		{06324516-5008-4A34-9C54-041F30F5A229}.Debug|Mixed Platforms.ActiveCfg = Debug|Any CPU
		{06324516-5008-4A34-9C54-041F30F5A229}.Debug|Mixed Platforms.Build.0 = Debug|Any CPU
		{06324516-5008-4A34-9C54-041F30F5A229}.Debug|x86.ActiveCfg = Debug|Any CPU
		{06324516-5008-4A34-9C54-041F30F5A229}.Default|Any CPU.ActiveCfg = Debug|Any CPU
		{06324516-5008-4A34-9C54-041F30F5A229}.Default|Mixed Platforms.ActiveCfg = Debug|Any CPU
		{06324516-5008-4A34-9C54-041F30F5A229}.Default|Mixed Platforms.Build.0 = Debug|Any CPU
		{06324516-5008-4A34-9C54-041F30F5A229}.Default|x86.ActiveCfg = Debug|Any CPU
		{06324516-5008-4A34-9C54-041F30F5A229}.Release|Any CPU.ActiveCfg = Release|Any CPU
		{06324516-5008-4A34-9C54-041F30F5A229}.Release|Any CPU.Build.0 = Release|Any CPU
		{06324516-5008-4A34-9C54-041F30F5A229}.Release|Mixed Platforms.ActiveCfg = Release|Any CPU
		{06324516-5008-4A34-9C54-041F30F5A229}.Release|Mixed Platforms.Build.0 = Release|Any CPU
		{06324516-5008-4A34-9C54-041F30F5A229}.Release|x86.ActiveCfg = Release|Any CPU
		{C7D3F01E-01B5-463E-A574-29B5F97E38BF}.Debug|Any CPU.ActiveCfg = Debug|Any CPU
		{C7D3F01E-01B5-463E-A574-29B5F97E38BF}.Debug|Any CPU.Build.0 = Debug|Any CPU
		{C7D3F01E-01B5-463E-A574-29B5F97E38BF}.Debug|Mixed Platforms.ActiveCfg = Debug|Any CPU
		{C7D3F01E-01B5-463E-A574-29B5F97E38BF}.Debug|Mixed Platforms.Build.0 = Debug|Any CPU
		{C7D3F01E-01B5-463E-A574-29B5F97E38BF}.Debug|x86.ActiveCfg = Debug|Any CPU
		{C7D3F01E-01B5-463E-A574-29B5F97E38BF}.Default|Any CPU.ActiveCfg = Debug|Any CPU
		{C7D3F01E-01B5-463E-A574-29B5F97E38BF}.Default|Mixed Platforms.ActiveCfg = Debug|Any CPU
		{C7D3F01E-01B5-463E-A574-29B5F97E38BF}.Default|Mixed Platforms.Build.0 = Debug|Any CPU
		{C7D3F01E-01B5-463E-A574-29B5F97E38BF}.Default|x86.ActiveCfg = Debug|Any CPU
		{C7D3F01E-01B5-463E-A574-29B5F97E38BF}.Release|Any CPU.ActiveCfg = Release|Any CPU
		{C7D3F01E-01B5-463E-A574-29B5F97E38BF}.Release|Any CPU.Build.0 = Release|Any CPU
		{C7D3F01E-01B5-463E-A574-29B5F97E38BF}.Release|Mixed Platforms.ActiveCfg = Release|Any CPU
		{C7D3F01E-01B5-463E-A574-29B5F97E38BF}.Release|Mixed Platforms.Build.0 = Release|Any CPU
		{C7D3F01E-01B5-463E-A574-29B5F97E38BF}.Release|x86.ActiveCfg = Release|Any CPU
		{BFF45F8C-EA7D-4B63-9DEB-8196AD061D10}.Debug|Any CPU.ActiveCfg = Debug|Any CPU
		{BFF45F8C-EA7D-4B63-9DEB-8196AD061D10}.Debug|Any CPU.Build.0 = Debug|Any CPU
		{BFF45F8C-EA7D-4B63-9DEB-8196AD061D10}.Debug|Mixed Platforms.ActiveCfg = Debug|Any CPU
		{BFF45F8C-EA7D-4B63-9DEB-8196AD061D10}.Debug|Mixed Platforms.Build.0 = Debug|Any CPU
		{BFF45F8C-EA7D-4B63-9DEB-8196AD061D10}.Debug|x86.ActiveCfg = Debug|Any CPU
		{BFF45F8C-EA7D-4B63-9DEB-8196AD061D10}.Default|Any CPU.ActiveCfg = Debug|Any CPU
		{BFF45F8C-EA7D-4B63-9DEB-8196AD061D10}.Default|Mixed Platforms.ActiveCfg = Debug|Any CPU
		{BFF45F8C-EA7D-4B63-9DEB-8196AD061D10}.Default|Mixed Platforms.Build.0 = Debug|Any CPU
		{BFF45F8C-EA7D-4B63-9DEB-8196AD061D10}.Default|x86.ActiveCfg = Debug|Any CPU
		{BFF45F8C-EA7D-4B63-9DEB-8196AD061D10}.Release|Any CPU.ActiveCfg = Release|Any CPU
		{BFF45F8C-EA7D-4B63-9DEB-8196AD061D10}.Release|Any CPU.Build.0 = Release|Any CPU
		{BFF45F8C-EA7D-4B63-9DEB-8196AD061D10}.Release|Mixed Platforms.ActiveCfg = Release|Any CPU
		{BFF45F8C-EA7D-4B63-9DEB-8196AD061D10}.Release|Mixed Platforms.Build.0 = Release|Any CPU
		{BFF45F8C-EA7D-4B63-9DEB-8196AD061D10}.Release|x86.ActiveCfg = Release|Any CPU
		{65681DE0-A252-46AD-890B-948EFCC7FAE1}.Debug|Any CPU.ActiveCfg = Debug|Any CPU
		{65681DE0-A252-46AD-890B-948EFCC7FAE1}.Debug|Any CPU.Build.0 = Debug|Any CPU
		{65681DE0-A252-46AD-890B-948EFCC7FAE1}.Debug|Mixed Platforms.ActiveCfg = Debug|Any CPU
		{65681DE0-A252-46AD-890B-948EFCC7FAE1}.Debug|Mixed Platforms.Build.0 = Debug|Any CPU
		{65681DE0-A252-46AD-890B-948EFCC7FAE1}.Debug|x86.ActiveCfg = Debug|Any CPU
		{65681DE0-A252-46AD-890B-948EFCC7FAE1}.Default|Any CPU.ActiveCfg = Debug|Any CPU
		{65681DE0-A252-46AD-890B-948EFCC7FAE1}.Default|Mixed Platforms.ActiveCfg = Debug|Any CPU
		{65681DE0-A252-46AD-890B-948EFCC7FAE1}.Default|Mixed Platforms.Build.0 = Debug|Any CPU
		{65681DE0-A252-46AD-890B-948EFCC7FAE1}.Default|x86.ActiveCfg = Debug|Any CPU
		{65681DE0-A252-46AD-890B-948EFCC7FAE1}.Release|Any CPU.ActiveCfg = Release|Any CPU
		{65681DE0-A252-46AD-890B-948EFCC7FAE1}.Release|Any CPU.Build.0 = Release|Any CPU
		{65681DE0-A252-46AD-890B-948EFCC7FAE1}.Release|Mixed Platforms.ActiveCfg = Release|Any CPU
		{65681DE0-A252-46AD-890B-948EFCC7FAE1}.Release|Mixed Platforms.Build.0 = Release|Any CPU
		{65681DE0-A252-46AD-890B-948EFCC7FAE1}.Release|x86.ActiveCfg = Release|Any CPU
		{14F02E00-9ED6-4730-BE4D-F0DF96853A21}.Debug|Any CPU.ActiveCfg = Debug|Any CPU
		{14F02E00-9ED6-4730-BE4D-F0DF96853A21}.Debug|Any CPU.Build.0 = Debug|Any CPU
		{14F02E00-9ED6-4730-BE4D-F0DF96853A21}.Debug|Mixed Platforms.ActiveCfg = Debug|Any CPU
		{14F02E00-9ED6-4730-BE4D-F0DF96853A21}.Debug|Mixed Platforms.Build.0 = Debug|Any CPU
		{14F02E00-9ED6-4730-BE4D-F0DF96853A21}.Debug|x86.ActiveCfg = Debug|Any CPU
		{14F02E00-9ED6-4730-BE4D-F0DF96853A21}.Default|Any CPU.ActiveCfg = Debug|Any CPU
		{14F02E00-9ED6-4730-BE4D-F0DF96853A21}.Default|Mixed Platforms.ActiveCfg = Debug|Any CPU
		{14F02E00-9ED6-4730-BE4D-F0DF96853A21}.Default|Mixed Platforms.Build.0 = Debug|Any CPU
		{14F02E00-9ED6-4730-BE4D-F0DF96853A21}.Default|x86.ActiveCfg = Debug|Any CPU
		{14F02E00-9ED6-4730-BE4D-F0DF96853A21}.Release|Any CPU.ActiveCfg = Release|Any CPU
		{14F02E00-9ED6-4730-BE4D-F0DF96853A21}.Release|Any CPU.Build.0 = Release|Any CPU
		{14F02E00-9ED6-4730-BE4D-F0DF96853A21}.Release|Mixed Platforms.ActiveCfg = Release|Any CPU
		{14F02E00-9ED6-4730-BE4D-F0DF96853A21}.Release|Mixed Platforms.Build.0 = Release|Any CPU
		{14F02E00-9ED6-4730-BE4D-F0DF96853A21}.Release|x86.ActiveCfg = Release|Any CPU
		{D2F9493F-95CB-4084-B734-64B2B30B78E1}.Debug|Any CPU.ActiveCfg = Debug|Any CPU
		{D2F9493F-95CB-4084-B734-64B2B30B78E1}.Debug|Any CPU.Build.0 = Debug|Any CPU
		{D2F9493F-95CB-4084-B734-64B2B30B78E1}.Debug|Mixed Platforms.ActiveCfg = Debug|Any CPU
		{D2F9493F-95CB-4084-B734-64B2B30B78E1}.Debug|Mixed Platforms.Build.0 = Debug|Any CPU
		{D2F9493F-95CB-4084-B734-64B2B30B78E1}.Debug|x86.ActiveCfg = Debug|Any CPU
		{D2F9493F-95CB-4084-B734-64B2B30B78E1}.Default|Any CPU.ActiveCfg = Debug|Any CPU
		{D2F9493F-95CB-4084-B734-64B2B30B78E1}.Default|Mixed Platforms.ActiveCfg = Debug|Any CPU
		{D2F9493F-95CB-4084-B734-64B2B30B78E1}.Default|Mixed Platforms.Build.0 = Debug|Any CPU
		{D2F9493F-95CB-4084-B734-64B2B30B78E1}.Default|x86.ActiveCfg = Debug|Any CPU
		{D2F9493F-95CB-4084-B734-64B2B30B78E1}.Release|Any CPU.ActiveCfg = Release|Any CPU
		{D2F9493F-95CB-4084-B734-64B2B30B78E1}.Release|Any CPU.Build.0 = Release|Any CPU
		{D2F9493F-95CB-4084-B734-64B2B30B78E1}.Release|Mixed Platforms.ActiveCfg = Release|Any CPU
		{D2F9493F-95CB-4084-B734-64B2B30B78E1}.Release|Mixed Platforms.Build.0 = Release|Any CPU
		{D2F9493F-95CB-4084-B734-64B2B30B78E1}.Release|x86.ActiveCfg = Release|Any CPU
		{EB56B72C-87A6-4C97-9185-A554DB2F352F}.Debug|Any CPU.ActiveCfg = Debug|Any CPU
		{EB56B72C-87A6-4C97-9185-A554DB2F352F}.Debug|Any CPU.Build.0 = Debug|Any CPU
		{EB56B72C-87A6-4C97-9185-A554DB2F352F}.Debug|Mixed Platforms.ActiveCfg = Debug|Any CPU
		{EB56B72C-87A6-4C97-9185-A554DB2F352F}.Debug|Mixed Platforms.Build.0 = Debug|Any CPU
		{EB56B72C-87A6-4C97-9185-A554DB2F352F}.Debug|x86.ActiveCfg = Debug|Any CPU
		{EB56B72C-87A6-4C97-9185-A554DB2F352F}.Default|Any CPU.ActiveCfg = Debug|Any CPU
		{EB56B72C-87A6-4C97-9185-A554DB2F352F}.Default|Any CPU.Build.0 = Debug|Any CPU
		{EB56B72C-87A6-4C97-9185-A554DB2F352F}.Default|Mixed Platforms.ActiveCfg = Debug|Any CPU
		{EB56B72C-87A6-4C97-9185-A554DB2F352F}.Default|Mixed Platforms.Build.0 = Debug|Any CPU
		{EB56B72C-87A6-4C97-9185-A554DB2F352F}.Default|x86.ActiveCfg = Debug|Any CPU
		{EB56B72C-87A6-4C97-9185-A554DB2F352F}.Release|Any CPU.ActiveCfg = Release|Any CPU
		{EB56B72C-87A6-4C97-9185-A554DB2F352F}.Release|Any CPU.Build.0 = Release|Any CPU
		{EB56B72C-87A6-4C97-9185-A554DB2F352F}.Release|Mixed Platforms.ActiveCfg = Release|Any CPU
		{EB56B72C-87A6-4C97-9185-A554DB2F352F}.Release|Mixed Platforms.Build.0 = Release|Any CPU
		{EB56B72C-87A6-4C97-9185-A554DB2F352F}.Release|x86.ActiveCfg = Release|Any CPU
		{598867CF-A027-46EA-A5C8-0EF7FD21A61C}.Debug|Any CPU.ActiveCfg = Debug|Any CPU
		{598867CF-A027-46EA-A5C8-0EF7FD21A61C}.Debug|Any CPU.Build.0 = Debug|Any CPU
		{598867CF-A027-46EA-A5C8-0EF7FD21A61C}.Debug|Mixed Platforms.ActiveCfg = Debug|Any CPU
		{598867CF-A027-46EA-A5C8-0EF7FD21A61C}.Debug|Mixed Platforms.Build.0 = Debug|Any CPU
		{598867CF-A027-46EA-A5C8-0EF7FD21A61C}.Debug|x86.ActiveCfg = Debug|Any CPU
		{598867CF-A027-46EA-A5C8-0EF7FD21A61C}.Default|Any CPU.ActiveCfg = Debug|Any CPU
		{598867CF-A027-46EA-A5C8-0EF7FD21A61C}.Default|Any CPU.Build.0 = Debug|Any CPU
		{598867CF-A027-46EA-A5C8-0EF7FD21A61C}.Default|Mixed Platforms.ActiveCfg = Debug|Any CPU
		{598867CF-A027-46EA-A5C8-0EF7FD21A61C}.Default|Mixed Platforms.Build.0 = Debug|Any CPU
		{598867CF-A027-46EA-A5C8-0EF7FD21A61C}.Default|x86.ActiveCfg = Debug|Any CPU
		{598867CF-A027-46EA-A5C8-0EF7FD21A61C}.Release|Any CPU.ActiveCfg = Release|Any CPU
		{598867CF-A027-46EA-A5C8-0EF7FD21A61C}.Release|Any CPU.Build.0 = Release|Any CPU
		{598867CF-A027-46EA-A5C8-0EF7FD21A61C}.Release|Mixed Platforms.ActiveCfg = Release|Any CPU
		{598867CF-A027-46EA-A5C8-0EF7FD21A61C}.Release|Mixed Platforms.Build.0 = Release|Any CPU
		{598867CF-A027-46EA-A5C8-0EF7FD21A61C}.Release|x86.ActiveCfg = Release|Any CPU
		{96B4C4B4-5177-4717-9B2F-C74A0C2DF7D5}.Debug|Any CPU.ActiveCfg = Debug|Any CPU
		{96B4C4B4-5177-4717-9B2F-C74A0C2DF7D5}.Debug|Any CPU.Build.0 = Debug|Any CPU
		{96B4C4B4-5177-4717-9B2F-C74A0C2DF7D5}.Debug|Mixed Platforms.ActiveCfg = Debug|Any CPU
		{96B4C4B4-5177-4717-9B2F-C74A0C2DF7D5}.Debug|Mixed Platforms.Build.0 = Debug|Any CPU
		{96B4C4B4-5177-4717-9B2F-C74A0C2DF7D5}.Debug|x86.ActiveCfg = Debug|Any CPU
		{96B4C4B4-5177-4717-9B2F-C74A0C2DF7D5}.Default|Any CPU.ActiveCfg = Debug|Any CPU
		{96B4C4B4-5177-4717-9B2F-C74A0C2DF7D5}.Default|Any CPU.Build.0 = Debug|Any CPU
		{96B4C4B4-5177-4717-9B2F-C74A0C2DF7D5}.Default|Mixed Platforms.ActiveCfg = Debug|Any CPU
		{96B4C4B4-5177-4717-9B2F-C74A0C2DF7D5}.Default|Mixed Platforms.Build.0 = Debug|Any CPU
		{96B4C4B4-5177-4717-9B2F-C74A0C2DF7D5}.Default|x86.ActiveCfg = Debug|Any CPU
		{96B4C4B4-5177-4717-9B2F-C74A0C2DF7D5}.Release|Any CPU.ActiveCfg = Release|Any CPU
		{96B4C4B4-5177-4717-9B2F-C74A0C2DF7D5}.Release|Any CPU.Build.0 = Release|Any CPU
		{96B4C4B4-5177-4717-9B2F-C74A0C2DF7D5}.Release|Mixed Platforms.ActiveCfg = Release|Any CPU
		{96B4C4B4-5177-4717-9B2F-C74A0C2DF7D5}.Release|Mixed Platforms.Build.0 = Release|Any CPU
		{96B4C4B4-5177-4717-9B2F-C74A0C2DF7D5}.Release|x86.ActiveCfg = Release|Any CPU
		{DAF18CA8-78EA-417F-8730-0A76B0DA2563}.Debug|Any CPU.ActiveCfg = Debug|Any CPU
		{DAF18CA8-78EA-417F-8730-0A76B0DA2563}.Debug|Any CPU.Build.0 = Debug|Any CPU
		{DAF18CA8-78EA-417F-8730-0A76B0DA2563}.Debug|Mixed Platforms.ActiveCfg = Debug|Any CPU
		{DAF18CA8-78EA-417F-8730-0A76B0DA2563}.Debug|Mixed Platforms.Build.0 = Debug|Any CPU
		{DAF18CA8-78EA-417F-8730-0A76B0DA2563}.Debug|x86.ActiveCfg = Debug|Any CPU
		{DAF18CA8-78EA-417F-8730-0A76B0DA2563}.Default|Any CPU.ActiveCfg = Debug|Any CPU
		{DAF18CA8-78EA-417F-8730-0A76B0DA2563}.Default|Any CPU.Build.0 = Debug|Any CPU
		{DAF18CA8-78EA-417F-8730-0A76B0DA2563}.Default|Mixed Platforms.ActiveCfg = Debug|Any CPU
		{DAF18CA8-78EA-417F-8730-0A76B0DA2563}.Default|Mixed Platforms.Build.0 = Debug|Any CPU
		{DAF18CA8-78EA-417F-8730-0A76B0DA2563}.Default|x86.ActiveCfg = Debug|Any CPU
		{DAF18CA8-78EA-417F-8730-0A76B0DA2563}.Release|Any CPU.ActiveCfg = Release|Any CPU
		{DAF18CA8-78EA-417F-8730-0A76B0DA2563}.Release|Any CPU.Build.0 = Release|Any CPU
		{DAF18CA8-78EA-417F-8730-0A76B0DA2563}.Release|Mixed Platforms.ActiveCfg = Release|Any CPU
		{DAF18CA8-78EA-417F-8730-0A76B0DA2563}.Release|Mixed Platforms.Build.0 = Release|Any CPU
		{DAF18CA8-78EA-417F-8730-0A76B0DA2563}.Release|x86.ActiveCfg = Release|Any CPU
		{5CC44E3B-2D32-4DA2-BE7C-34835F41E096}.Debug|Any CPU.ActiveCfg = Debug|Any CPU
		{5CC44E3B-2D32-4DA2-BE7C-34835F41E096}.Debug|Any CPU.Build.0 = Debug|Any CPU
		{5CC44E3B-2D32-4DA2-BE7C-34835F41E096}.Debug|Mixed Platforms.ActiveCfg = Debug|Any CPU
		{5CC44E3B-2D32-4DA2-BE7C-34835F41E096}.Debug|Mixed Platforms.Build.0 = Debug|Any CPU
		{5CC44E3B-2D32-4DA2-BE7C-34835F41E096}.Debug|x86.ActiveCfg = Debug|Any CPU
		{5CC44E3B-2D32-4DA2-BE7C-34835F41E096}.Default|Any CPU.ActiveCfg = Debug|Any CPU
		{5CC44E3B-2D32-4DA2-BE7C-34835F41E096}.Default|Any CPU.Build.0 = Debug|Any CPU
		{5CC44E3B-2D32-4DA2-BE7C-34835F41E096}.Default|Mixed Platforms.ActiveCfg = Debug|Any CPU
		{5CC44E3B-2D32-4DA2-BE7C-34835F41E096}.Default|Mixed Platforms.Build.0 = Debug|Any CPU
		{5CC44E3B-2D32-4DA2-BE7C-34835F41E096}.Default|x86.ActiveCfg = Debug|Any CPU
		{5CC44E3B-2D32-4DA2-BE7C-34835F41E096}.Release|Any CPU.ActiveCfg = Release|Any CPU
		{5CC44E3B-2D32-4DA2-BE7C-34835F41E096}.Release|Any CPU.Build.0 = Release|Any CPU
		{5CC44E3B-2D32-4DA2-BE7C-34835F41E096}.Release|Mixed Platforms.ActiveCfg = Release|Any CPU
		{5CC44E3B-2D32-4DA2-BE7C-34835F41E096}.Release|Mixed Platforms.Build.0 = Release|Any CPU
		{5CC44E3B-2D32-4DA2-BE7C-34835F41E096}.Release|x86.ActiveCfg = Release|Any CPU
		{BD991150-B5EC-4B16-B216-D3EFBBEC5A56}.Debug|Any CPU.ActiveCfg = Debug|Any CPU
		{BD991150-B5EC-4B16-B216-D3EFBBEC5A56}.Debug|Any CPU.Build.0 = Debug|Any CPU
		{BD991150-B5EC-4B16-B216-D3EFBBEC5A56}.Debug|Mixed Platforms.ActiveCfg = Debug|Any CPU
		{BD991150-B5EC-4B16-B216-D3EFBBEC5A56}.Debug|Mixed Platforms.Build.0 = Debug|Any CPU
		{BD991150-B5EC-4B16-B216-D3EFBBEC5A56}.Debug|x86.ActiveCfg = Debug|Any CPU
		{BD991150-B5EC-4B16-B216-D3EFBBEC5A56}.Default|Any CPU.ActiveCfg = Debug|Any CPU
		{BD991150-B5EC-4B16-B216-D3EFBBEC5A56}.Default|Any CPU.Build.0 = Debug|Any CPU
		{BD991150-B5EC-4B16-B216-D3EFBBEC5A56}.Default|Mixed Platforms.ActiveCfg = Debug|Any CPU
		{BD991150-B5EC-4B16-B216-D3EFBBEC5A56}.Default|Mixed Platforms.Build.0 = Debug|Any CPU
		{BD991150-B5EC-4B16-B216-D3EFBBEC5A56}.Default|x86.ActiveCfg = Debug|Any CPU
		{BD991150-B5EC-4B16-B216-D3EFBBEC5A56}.Release|Any CPU.ActiveCfg = Release|Any CPU
		{BD991150-B5EC-4B16-B216-D3EFBBEC5A56}.Release|Any CPU.Build.0 = Release|Any CPU
		{BD991150-B5EC-4B16-B216-D3EFBBEC5A56}.Release|Mixed Platforms.ActiveCfg = Release|Any CPU
		{BD991150-B5EC-4B16-B216-D3EFBBEC5A56}.Release|Mixed Platforms.Build.0 = Release|Any CPU
		{BD991150-B5EC-4B16-B216-D3EFBBEC5A56}.Release|x86.ActiveCfg = Release|Any CPU
		{F1B6351E-9D97-4242-9DFF-CF0E02D725DA}.Debug|Any CPU.ActiveCfg = Debug|Any CPU
		{F1B6351E-9D97-4242-9DFF-CF0E02D725DA}.Debug|Any CPU.Build.0 = Debug|Any CPU
		{F1B6351E-9D97-4242-9DFF-CF0E02D725DA}.Debug|Mixed Platforms.ActiveCfg = Debug|Any CPU
		{F1B6351E-9D97-4242-9DFF-CF0E02D725DA}.Debug|Mixed Platforms.Build.0 = Debug|Any CPU
		{F1B6351E-9D97-4242-9DFF-CF0E02D725DA}.Debug|x86.ActiveCfg = Debug|Any CPU
		{F1B6351E-9D97-4242-9DFF-CF0E02D725DA}.Default|Any CPU.ActiveCfg = Debug|Any CPU
		{F1B6351E-9D97-4242-9DFF-CF0E02D725DA}.Default|Any CPU.Build.0 = Debug|Any CPU
		{F1B6351E-9D97-4242-9DFF-CF0E02D725DA}.Default|Mixed Platforms.ActiveCfg = Debug|Any CPU
		{F1B6351E-9D97-4242-9DFF-CF0E02D725DA}.Default|Mixed Platforms.Build.0 = Debug|Any CPU
		{F1B6351E-9D97-4242-9DFF-CF0E02D725DA}.Default|x86.ActiveCfg = Debug|Any CPU
		{F1B6351E-9D97-4242-9DFF-CF0E02D725DA}.Release|Any CPU.ActiveCfg = Release|Any CPU
		{F1B6351E-9D97-4242-9DFF-CF0E02D725DA}.Release|Any CPU.Build.0 = Release|Any CPU
		{F1B6351E-9D97-4242-9DFF-CF0E02D725DA}.Release|Mixed Platforms.ActiveCfg = Release|Any CPU
		{F1B6351E-9D97-4242-9DFF-CF0E02D725DA}.Release|Mixed Platforms.Build.0 = Release|Any CPU
		{F1B6351E-9D97-4242-9DFF-CF0E02D725DA}.Release|x86.ActiveCfg = Release|Any CPU
		{D0806771-B1E2-48E8-9AC0-8D841E0252A9}.Debug|Any CPU.ActiveCfg = Debug|Any CPU
		{D0806771-B1E2-48E8-9AC0-8D841E0252A9}.Debug|Any CPU.Build.0 = Debug|Any CPU
		{D0806771-B1E2-48E8-9AC0-8D841E0252A9}.Debug|Mixed Platforms.ActiveCfg = Debug|Any CPU
		{D0806771-B1E2-48E8-9AC0-8D841E0252A9}.Debug|Mixed Platforms.Build.0 = Debug|Any CPU
		{D0806771-B1E2-48E8-9AC0-8D841E0252A9}.Debug|x86.ActiveCfg = Debug|Any CPU
		{D0806771-B1E2-48E8-9AC0-8D841E0252A9}.Default|Any CPU.ActiveCfg = Debug|Any CPU
		{D0806771-B1E2-48E8-9AC0-8D841E0252A9}.Default|Any CPU.Build.0 = Debug|Any CPU
		{D0806771-B1E2-48E8-9AC0-8D841E0252A9}.Default|Mixed Platforms.ActiveCfg = Debug|Any CPU
		{D0806771-B1E2-48E8-9AC0-8D841E0252A9}.Default|Mixed Platforms.Build.0 = Debug|Any CPU
		{D0806771-B1E2-48E8-9AC0-8D841E0252A9}.Default|x86.ActiveCfg = Debug|Any CPU
		{D0806771-B1E2-48E8-9AC0-8D841E0252A9}.Release|Any CPU.ActiveCfg = Release|Any CPU
		{D0806771-B1E2-48E8-9AC0-8D841E0252A9}.Release|Any CPU.Build.0 = Release|Any CPU
		{D0806771-B1E2-48E8-9AC0-8D841E0252A9}.Release|Mixed Platforms.ActiveCfg = Release|Any CPU
		{D0806771-B1E2-48E8-9AC0-8D841E0252A9}.Release|Mixed Platforms.Build.0 = Release|Any CPU
		{D0806771-B1E2-48E8-9AC0-8D841E0252A9}.Release|x86.ActiveCfg = Release|Any CPU
		{98F827EA-9073-43FD-9131-6B2448461519}.Debug|Any CPU.ActiveCfg = Debug|Any CPU
		{98F827EA-9073-43FD-9131-6B2448461519}.Debug|Any CPU.Build.0 = Debug|Any CPU
		{98F827EA-9073-43FD-9131-6B2448461519}.Debug|Mixed Platforms.ActiveCfg = Debug|Any CPU
		{98F827EA-9073-43FD-9131-6B2448461519}.Debug|Mixed Platforms.Build.0 = Debug|Any CPU
		{98F827EA-9073-43FD-9131-6B2448461519}.Debug|x86.ActiveCfg = Debug|Any CPU
		{98F827EA-9073-43FD-9131-6B2448461519}.Default|Any CPU.ActiveCfg = Debug|Any CPU
		{98F827EA-9073-43FD-9131-6B2448461519}.Default|Any CPU.Build.0 = Debug|Any CPU
		{98F827EA-9073-43FD-9131-6B2448461519}.Default|Mixed Platforms.ActiveCfg = Debug|Any CPU
		{98F827EA-9073-43FD-9131-6B2448461519}.Default|Mixed Platforms.Build.0 = Debug|Any CPU
		{98F827EA-9073-43FD-9131-6B2448461519}.Default|x86.ActiveCfg = Debug|Any CPU
		{98F827EA-9073-43FD-9131-6B2448461519}.Release|Any CPU.ActiveCfg = Release|Any CPU
		{98F827EA-9073-43FD-9131-6B2448461519}.Release|Any CPU.Build.0 = Release|Any CPU
		{98F827EA-9073-43FD-9131-6B2448461519}.Release|Mixed Platforms.ActiveCfg = Release|Any CPU
		{98F827EA-9073-43FD-9131-6B2448461519}.Release|Mixed Platforms.Build.0 = Release|Any CPU
		{98F827EA-9073-43FD-9131-6B2448461519}.Release|x86.ActiveCfg = Release|Any CPU
		{98F827EA-9073-43FD-9131-6B2448461519}.Release|x86.Build.0 = Release|Any CPU
		{04C986CD-C42E-4E28-A0C0-CA0C3F45C75E}.Debug|Any CPU.ActiveCfg = Debug|Any CPU
		{04C986CD-C42E-4E28-A0C0-CA0C3F45C75E}.Debug|Any CPU.Build.0 = Debug|Any CPU
		{04C986CD-C42E-4E28-A0C0-CA0C3F45C75E}.Debug|Mixed Platforms.ActiveCfg = Debug|Any CPU
		{04C986CD-C42E-4E28-A0C0-CA0C3F45C75E}.Debug|Mixed Platforms.Build.0 = Debug|Any CPU
		{04C986CD-C42E-4E28-A0C0-CA0C3F45C75E}.Debug|x86.ActiveCfg = Debug|Any CPU
		{04C986CD-C42E-4E28-A0C0-CA0C3F45C75E}.Default|Any CPU.ActiveCfg = Debug|Any CPU
		{04C986CD-C42E-4E28-A0C0-CA0C3F45C75E}.Default|Any CPU.Build.0 = Debug|Any CPU
		{04C986CD-C42E-4E28-A0C0-CA0C3F45C75E}.Default|Mixed Platforms.ActiveCfg = Debug|Any CPU
		{04C986CD-C42E-4E28-A0C0-CA0C3F45C75E}.Default|Mixed Platforms.Build.0 = Debug|Any CPU
		{04C986CD-C42E-4E28-A0C0-CA0C3F45C75E}.Default|x86.ActiveCfg = Debug|Any CPU
		{04C986CD-C42E-4E28-A0C0-CA0C3F45C75E}.Release|Any CPU.ActiveCfg = Release|Any CPU
		{04C986CD-C42E-4E28-A0C0-CA0C3F45C75E}.Release|Any CPU.Build.0 = Release|Any CPU
		{04C986CD-C42E-4E28-A0C0-CA0C3F45C75E}.Release|Mixed Platforms.ActiveCfg = Release|Any CPU
		{04C986CD-C42E-4E28-A0C0-CA0C3F45C75E}.Release|Mixed Platforms.Build.0 = Release|Any CPU
		{04C986CD-C42E-4E28-A0C0-CA0C3F45C75E}.Release|x86.ActiveCfg = Release|Any CPU
		{164036F9-3982-4111-9283-5B323EF85579}.Debug|Any CPU.ActiveCfg = Debug|Any CPU
		{164036F9-3982-4111-9283-5B323EF85579}.Debug|Any CPU.Build.0 = Debug|Any CPU
		{164036F9-3982-4111-9283-5B323EF85579}.Debug|Mixed Platforms.ActiveCfg = Debug|Any CPU
		{164036F9-3982-4111-9283-5B323EF85579}.Debug|Mixed Platforms.Build.0 = Debug|Any CPU
		{164036F9-3982-4111-9283-5B323EF85579}.Debug|x86.ActiveCfg = Debug|Any CPU
		{164036F9-3982-4111-9283-5B323EF85579}.Default|Any CPU.ActiveCfg = Debug|Any CPU
		{164036F9-3982-4111-9283-5B323EF85579}.Default|Any CPU.Build.0 = Debug|Any CPU
		{164036F9-3982-4111-9283-5B323EF85579}.Default|Mixed Platforms.ActiveCfg = Debug|Any CPU
		{164036F9-3982-4111-9283-5B323EF85579}.Default|Mixed Platforms.Build.0 = Debug|Any CPU
		{164036F9-3982-4111-9283-5B323EF85579}.Default|x86.ActiveCfg = Debug|Any CPU
		{164036F9-3982-4111-9283-5B323EF85579}.Release|Any CPU.ActiveCfg = Release|Any CPU
		{164036F9-3982-4111-9283-5B323EF85579}.Release|Any CPU.Build.0 = Release|Any CPU
		{164036F9-3982-4111-9283-5B323EF85579}.Release|Mixed Platforms.ActiveCfg = Release|Any CPU
		{164036F9-3982-4111-9283-5B323EF85579}.Release|Mixed Platforms.Build.0 = Release|Any CPU
		{164036F9-3982-4111-9283-5B323EF85579}.Release|x86.ActiveCfg = Release|Any CPU
		{A1C3ED29-A096-452D-BB4F-C4AA654C0584}.Debug|Any CPU.ActiveCfg = Debug|Any CPU
		{A1C3ED29-A096-452D-BB4F-C4AA654C0584}.Debug|Any CPU.Build.0 = Debug|Any CPU
		{A1C3ED29-A096-452D-BB4F-C4AA654C0584}.Debug|Mixed Platforms.ActiveCfg = Debug|Any CPU
		{A1C3ED29-A096-452D-BB4F-C4AA654C0584}.Debug|Mixed Platforms.Build.0 = Debug|Any CPU
		{A1C3ED29-A096-452D-BB4F-C4AA654C0584}.Debug|x86.ActiveCfg = Debug|Any CPU
		{A1C3ED29-A096-452D-BB4F-C4AA654C0584}.Default|Any CPU.ActiveCfg = Debug|Any CPU
		{A1C3ED29-A096-452D-BB4F-C4AA654C0584}.Default|Any CPU.Build.0 = Debug|Any CPU
		{A1C3ED29-A096-452D-BB4F-C4AA654C0584}.Default|Mixed Platforms.ActiveCfg = Debug|Any CPU
		{A1C3ED29-A096-452D-BB4F-C4AA654C0584}.Default|Mixed Platforms.Build.0 = Debug|Any CPU
		{A1C3ED29-A096-452D-BB4F-C4AA654C0584}.Default|x86.ActiveCfg = Debug|Any CPU
		{A1C3ED29-A096-452D-BB4F-C4AA654C0584}.Release|Any CPU.ActiveCfg = Release|Any CPU
		{A1C3ED29-A096-452D-BB4F-C4AA654C0584}.Release|Any CPU.Build.0 = Release|Any CPU
		{A1C3ED29-A096-452D-BB4F-C4AA654C0584}.Release|Mixed Platforms.ActiveCfg = Release|Any CPU
		{A1C3ED29-A096-452D-BB4F-C4AA654C0584}.Release|Mixed Platforms.Build.0 = Release|Any CPU
		{A1C3ED29-A096-452D-BB4F-C4AA654C0584}.Release|x86.ActiveCfg = Release|Any CPU
		{74D8FF69-5DB2-4765-B506-B16C9CF379DF}.Debug|Any CPU.ActiveCfg = Debug|Any CPU
		{74D8FF69-5DB2-4765-B506-B16C9CF379DF}.Debug|Any CPU.Build.0 = Debug|Any CPU
		{74D8FF69-5DB2-4765-B506-B16C9CF379DF}.Debug|Mixed Platforms.ActiveCfg = Debug|Any CPU
		{74D8FF69-5DB2-4765-B506-B16C9CF379DF}.Debug|Mixed Platforms.Build.0 = Debug|Any CPU
		{74D8FF69-5DB2-4765-B506-B16C9CF379DF}.Debug|x86.ActiveCfg = Debug|Any CPU
		{74D8FF69-5DB2-4765-B506-B16C9CF379DF}.Debug|x86.Build.0 = Debug|Any CPU
		{74D8FF69-5DB2-4765-B506-B16C9CF379DF}.Default|Any CPU.ActiveCfg = Debug|Any CPU
		{74D8FF69-5DB2-4765-B506-B16C9CF379DF}.Default|Any CPU.Build.0 = Debug|Any CPU
		{74D8FF69-5DB2-4765-B506-B16C9CF379DF}.Default|Mixed Platforms.ActiveCfg = Debug|Any CPU
		{74D8FF69-5DB2-4765-B506-B16C9CF379DF}.Default|Mixed Platforms.Build.0 = Debug|Any CPU
		{74D8FF69-5DB2-4765-B506-B16C9CF379DF}.Default|x86.ActiveCfg = Debug|Any CPU
		{74D8FF69-5DB2-4765-B506-B16C9CF379DF}.Default|x86.Build.0 = Debug|Any CPU
		{74D8FF69-5DB2-4765-B506-B16C9CF379DF}.Release|Any CPU.ActiveCfg = Release|Any CPU
		{74D8FF69-5DB2-4765-B506-B16C9CF379DF}.Release|Any CPU.Build.0 = Release|Any CPU
		{74D8FF69-5DB2-4765-B506-B16C9CF379DF}.Release|Mixed Platforms.ActiveCfg = Release|Any CPU
		{74D8FF69-5DB2-4765-B506-B16C9CF379DF}.Release|Mixed Platforms.Build.0 = Release|Any CPU
		{74D8FF69-5DB2-4765-B506-B16C9CF379DF}.Release|x86.ActiveCfg = Release|Any CPU
		{74D8FF69-5DB2-4765-B506-B16C9CF379DF}.Release|x86.Build.0 = Release|Any CPU
		{1137D63C-EBEA-4E27-8277-E5299A943059}.Debug|Any CPU.ActiveCfg = Debug|Any CPU
		{1137D63C-EBEA-4E27-8277-E5299A943059}.Debug|Any CPU.Build.0 = Debug|Any CPU
		{1137D63C-EBEA-4E27-8277-E5299A943059}.Debug|Mixed Platforms.ActiveCfg = Debug|Any CPU
		{1137D63C-EBEA-4E27-8277-E5299A943059}.Debug|Mixed Platforms.Build.0 = Debug|Any CPU
		{1137D63C-EBEA-4E27-8277-E5299A943059}.Debug|x86.ActiveCfg = Debug|Any CPU
		{1137D63C-EBEA-4E27-8277-E5299A943059}.Default|Any CPU.ActiveCfg = Debug|Any CPU
		{1137D63C-EBEA-4E27-8277-E5299A943059}.Default|Any CPU.Build.0 = Debug|Any CPU
		{1137D63C-EBEA-4E27-8277-E5299A943059}.Default|Mixed Platforms.ActiveCfg = Debug|Any CPU
		{1137D63C-EBEA-4E27-8277-E5299A943059}.Default|Mixed Platforms.Build.0 = Debug|Any CPU
		{1137D63C-EBEA-4E27-8277-E5299A943059}.Default|x86.ActiveCfg = Debug|Any CPU
		{1137D63C-EBEA-4E27-8277-E5299A943059}.Release|Any CPU.ActiveCfg = Release|Any CPU
		{1137D63C-EBEA-4E27-8277-E5299A943059}.Release|Any CPU.Build.0 = Release|Any CPU
		{1137D63C-EBEA-4E27-8277-E5299A943059}.Release|Mixed Platforms.ActiveCfg = Release|Any CPU
		{1137D63C-EBEA-4E27-8277-E5299A943059}.Release|Mixed Platforms.Build.0 = Release|Any CPU
		{1137D63C-EBEA-4E27-8277-E5299A943059}.Release|x86.ActiveCfg = Release|Any CPU
		{5F83E263-8EFC-4EC1-A5BA-3598E7CBD45F}.Debug|Any CPU.ActiveCfg = Debug|Any CPU
		{5F83E263-8EFC-4EC1-A5BA-3598E7CBD45F}.Debug|Any CPU.Build.0 = Debug|Any CPU
		{5F83E263-8EFC-4EC1-A5BA-3598E7CBD45F}.Debug|Mixed Platforms.ActiveCfg = Debug|Any CPU
		{5F83E263-8EFC-4EC1-A5BA-3598E7CBD45F}.Debug|Mixed Platforms.Build.0 = Debug|Any CPU
		{5F83E263-8EFC-4EC1-A5BA-3598E7CBD45F}.Debug|x86.ActiveCfg = Debug|Any CPU
		{5F83E263-8EFC-4EC1-A5BA-3598E7CBD45F}.Default|Any CPU.ActiveCfg = Debug|Any CPU
		{5F83E263-8EFC-4EC1-A5BA-3598E7CBD45F}.Default|Any CPU.Build.0 = Debug|Any CPU
		{5F83E263-8EFC-4EC1-A5BA-3598E7CBD45F}.Default|Mixed Platforms.ActiveCfg = Debug|Any CPU
		{5F83E263-8EFC-4EC1-A5BA-3598E7CBD45F}.Default|Mixed Platforms.Build.0 = Debug|Any CPU
		{5F83E263-8EFC-4EC1-A5BA-3598E7CBD45F}.Default|x86.ActiveCfg = Debug|Any CPU
		{5F83E263-8EFC-4EC1-A5BA-3598E7CBD45F}.Release|Any CPU.ActiveCfg = Release|Any CPU
		{5F83E263-8EFC-4EC1-A5BA-3598E7CBD45F}.Release|Any CPU.Build.0 = Release|Any CPU
		{5F83E263-8EFC-4EC1-A5BA-3598E7CBD45F}.Release|Mixed Platforms.ActiveCfg = Release|Any CPU
		{5F83E263-8EFC-4EC1-A5BA-3598E7CBD45F}.Release|Mixed Platforms.Build.0 = Release|Any CPU
		{5F83E263-8EFC-4EC1-A5BA-3598E7CBD45F}.Release|x86.ActiveCfg = Release|Any CPU
		{AE692B68-D00E-4298-8CF5-861F537D93C0}.Debug|Any CPU.ActiveCfg = Debug|Any CPU
		{AE692B68-D00E-4298-8CF5-861F537D93C0}.Debug|Any CPU.Build.0 = Debug|Any CPU
		{AE692B68-D00E-4298-8CF5-861F537D93C0}.Debug|Mixed Platforms.ActiveCfg = Debug|Any CPU
		{AE692B68-D00E-4298-8CF5-861F537D93C0}.Debug|Mixed Platforms.Build.0 = Debug|Any CPU
		{AE692B68-D00E-4298-8CF5-861F537D93C0}.Debug|x86.ActiveCfg = Debug|Any CPU
		{AE692B68-D00E-4298-8CF5-861F537D93C0}.Default|Any CPU.ActiveCfg = Debug|Any CPU
		{AE692B68-D00E-4298-8CF5-861F537D93C0}.Default|Any CPU.Build.0 = Debug|Any CPU
		{AE692B68-D00E-4298-8CF5-861F537D93C0}.Default|Mixed Platforms.ActiveCfg = Debug|Any CPU
		{AE692B68-D00E-4298-8CF5-861F537D93C0}.Default|Mixed Platforms.Build.0 = Debug|Any CPU
		{AE692B68-D00E-4298-8CF5-861F537D93C0}.Default|x86.ActiveCfg = Debug|Any CPU
		{AE692B68-D00E-4298-8CF5-861F537D93C0}.Release|Any CPU.ActiveCfg = Release|Any CPU
		{AE692B68-D00E-4298-8CF5-861F537D93C0}.Release|Any CPU.Build.0 = Release|Any CPU
		{AE692B68-D00E-4298-8CF5-861F537D93C0}.Release|Mixed Platforms.ActiveCfg = Release|Any CPU
		{AE692B68-D00E-4298-8CF5-861F537D93C0}.Release|Mixed Platforms.Build.0 = Release|Any CPU
		{AE692B68-D00E-4298-8CF5-861F537D93C0}.Release|x86.ActiveCfg = Release|Any CPU
		{B5AE13FE-2A69-488B-8B0E-54611C8D4DC5}.Debug|Any CPU.ActiveCfg = Debug|Any CPU
		{B5AE13FE-2A69-488B-8B0E-54611C8D4DC5}.Debug|Any CPU.Build.0 = Debug|Any CPU
		{B5AE13FE-2A69-488B-8B0E-54611C8D4DC5}.Debug|Mixed Platforms.ActiveCfg = Debug|Any CPU
		{B5AE13FE-2A69-488B-8B0E-54611C8D4DC5}.Debug|Mixed Platforms.Build.0 = Debug|Any CPU
		{B5AE13FE-2A69-488B-8B0E-54611C8D4DC5}.Debug|x86.ActiveCfg = Debug|Any CPU
		{B5AE13FE-2A69-488B-8B0E-54611C8D4DC5}.Default|Any CPU.ActiveCfg = Debug|Any CPU
		{B5AE13FE-2A69-488B-8B0E-54611C8D4DC5}.Default|Any CPU.Build.0 = Debug|Any CPU
		{B5AE13FE-2A69-488B-8B0E-54611C8D4DC5}.Default|Mixed Platforms.ActiveCfg = Debug|Any CPU
		{B5AE13FE-2A69-488B-8B0E-54611C8D4DC5}.Default|Mixed Platforms.Build.0 = Debug|Any CPU
		{B5AE13FE-2A69-488B-8B0E-54611C8D4DC5}.Default|x86.ActiveCfg = Debug|Any CPU
		{B5AE13FE-2A69-488B-8B0E-54611C8D4DC5}.Release|Any CPU.ActiveCfg = Release|Any CPU
		{B5AE13FE-2A69-488B-8B0E-54611C8D4DC5}.Release|Any CPU.Build.0 = Release|Any CPU
		{B5AE13FE-2A69-488B-8B0E-54611C8D4DC5}.Release|Mixed Platforms.ActiveCfg = Release|Any CPU
		{B5AE13FE-2A69-488B-8B0E-54611C8D4DC5}.Release|Mixed Platforms.Build.0 = Release|Any CPU
		{B5AE13FE-2A69-488B-8B0E-54611C8D4DC5}.Release|x86.ActiveCfg = Release|Any CPU
		{13697ABD-61C5-4EB0-B205-D5192E248CF0}.Debug|Any CPU.ActiveCfg = Debug|Any CPU
		{13697ABD-61C5-4EB0-B205-D5192E248CF0}.Debug|Any CPU.Build.0 = Debug|Any CPU
		{13697ABD-61C5-4EB0-B205-D5192E248CF0}.Debug|Mixed Platforms.ActiveCfg = Debug|Any CPU
		{13697ABD-61C5-4EB0-B205-D5192E248CF0}.Debug|Mixed Platforms.Build.0 = Debug|Any CPU
		{13697ABD-61C5-4EB0-B205-D5192E248CF0}.Debug|x86.ActiveCfg = Debug|Any CPU
		{13697ABD-61C5-4EB0-B205-D5192E248CF0}.Default|Any CPU.ActiveCfg = Debug|Any CPU
		{13697ABD-61C5-4EB0-B205-D5192E248CF0}.Default|Any CPU.Build.0 = Debug|Any CPU
		{13697ABD-61C5-4EB0-B205-D5192E248CF0}.Default|Mixed Platforms.ActiveCfg = Debug|Any CPU
		{13697ABD-61C5-4EB0-B205-D5192E248CF0}.Default|Mixed Platforms.Build.0 = Debug|Any CPU
		{13697ABD-61C5-4EB0-B205-D5192E248CF0}.Default|x86.ActiveCfg = Debug|Any CPU
		{13697ABD-61C5-4EB0-B205-D5192E248CF0}.Release|Any CPU.ActiveCfg = Release|Any CPU
		{13697ABD-61C5-4EB0-B205-D5192E248CF0}.Release|Any CPU.Build.0 = Release|Any CPU
		{13697ABD-61C5-4EB0-B205-D5192E248CF0}.Release|Mixed Platforms.ActiveCfg = Release|Any CPU
		{13697ABD-61C5-4EB0-B205-D5192E248CF0}.Release|Mixed Platforms.Build.0 = Release|Any CPU
		{13697ABD-61C5-4EB0-B205-D5192E248CF0}.Release|x86.ActiveCfg = Release|Any CPU
		{D6CCD665-26E4-4122-A680-930327FF4B8F}.Debug|Any CPU.ActiveCfg = Debug|Any CPU
		{D6CCD665-26E4-4122-A680-930327FF4B8F}.Debug|Any CPU.Build.0 = Debug|Any CPU
		{D6CCD665-26E4-4122-A680-930327FF4B8F}.Debug|Mixed Platforms.ActiveCfg = Debug|Any CPU
		{D6CCD665-26E4-4122-A680-930327FF4B8F}.Debug|Mixed Platforms.Build.0 = Debug|Any CPU
		{D6CCD665-26E4-4122-A680-930327FF4B8F}.Debug|x86.ActiveCfg = Debug|Any CPU
		{D6CCD665-26E4-4122-A680-930327FF4B8F}.Default|Any CPU.ActiveCfg = Debug|Any CPU
		{D6CCD665-26E4-4122-A680-930327FF4B8F}.Default|Any CPU.Build.0 = Debug|Any CPU
		{D6CCD665-26E4-4122-A680-930327FF4B8F}.Default|Mixed Platforms.ActiveCfg = Debug|Any CPU
		{D6CCD665-26E4-4122-A680-930327FF4B8F}.Default|Mixed Platforms.Build.0 = Debug|Any CPU
		{D6CCD665-26E4-4122-A680-930327FF4B8F}.Default|x86.ActiveCfg = Debug|Any CPU
		{D6CCD665-26E4-4122-A680-930327FF4B8F}.Release|Any CPU.ActiveCfg = Release|Any CPU
		{D6CCD665-26E4-4122-A680-930327FF4B8F}.Release|Any CPU.Build.0 = Release|Any CPU
		{D6CCD665-26E4-4122-A680-930327FF4B8F}.Release|Mixed Platforms.ActiveCfg = Release|Any CPU
		{D6CCD665-26E4-4122-A680-930327FF4B8F}.Release|Mixed Platforms.Build.0 = Release|Any CPU
		{D6CCD665-26E4-4122-A680-930327FF4B8F}.Release|x86.ActiveCfg = Release|Any CPU
		{6AEA339E-D930-4834-995D-301892768C10}.Debug|Any CPU.ActiveCfg = Debug|Any CPU
		{6AEA339E-D930-4834-995D-301892768C10}.Debug|Any CPU.Build.0 = Debug|Any CPU
		{6AEA339E-D930-4834-995D-301892768C10}.Debug|Mixed Platforms.ActiveCfg = Debug|Any CPU
		{6AEA339E-D930-4834-995D-301892768C10}.Debug|Mixed Platforms.Build.0 = Debug|Any CPU
		{6AEA339E-D930-4834-995D-301892768C10}.Debug|x86.ActiveCfg = Debug|Any CPU
		{6AEA339E-D930-4834-995D-301892768C10}.Default|Any CPU.ActiveCfg = Debug|Any CPU
		{6AEA339E-D930-4834-995D-301892768C10}.Default|Any CPU.Build.0 = Debug|Any CPU
		{6AEA339E-D930-4834-995D-301892768C10}.Default|Mixed Platforms.ActiveCfg = Debug|Any CPU
		{6AEA339E-D930-4834-995D-301892768C10}.Default|Mixed Platforms.Build.0 = Debug|Any CPU
		{6AEA339E-D930-4834-995D-301892768C10}.Default|x86.ActiveCfg = Debug|Any CPU
		{6AEA339E-D930-4834-995D-301892768C10}.Release|Any CPU.ActiveCfg = Release|Any CPU
		{6AEA339E-D930-4834-995D-301892768C10}.Release|Any CPU.Build.0 = Release|Any CPU
		{6AEA339E-D930-4834-995D-301892768C10}.Release|Mixed Platforms.ActiveCfg = Release|Any CPU
		{6AEA339E-D930-4834-995D-301892768C10}.Release|Mixed Platforms.Build.0 = Release|Any CPU
		{6AEA339E-D930-4834-995D-301892768C10}.Release|x86.ActiveCfg = Release|Any CPU
		{F608B80A-3195-43CE-B1F7-FBDC2F1050DA}.Debug|Any CPU.ActiveCfg = Debug|Any CPU
		{F608B80A-3195-43CE-B1F7-FBDC2F1050DA}.Debug|Any CPU.Build.0 = Debug|Any CPU
		{F608B80A-3195-43CE-B1F7-FBDC2F1050DA}.Debug|Mixed Platforms.ActiveCfg = Debug|Any CPU
		{F608B80A-3195-43CE-B1F7-FBDC2F1050DA}.Debug|Mixed Platforms.Build.0 = Debug|Any CPU
		{F608B80A-3195-43CE-B1F7-FBDC2F1050DA}.Debug|x86.ActiveCfg = Debug|Any CPU
		{F608B80A-3195-43CE-B1F7-FBDC2F1050DA}.Default|Any CPU.ActiveCfg = Debug|Any CPU
		{F608B80A-3195-43CE-B1F7-FBDC2F1050DA}.Default|Any CPU.Build.0 = Debug|Any CPU
		{F608B80A-3195-43CE-B1F7-FBDC2F1050DA}.Default|Mixed Platforms.ActiveCfg = Debug|Any CPU
		{F608B80A-3195-43CE-B1F7-FBDC2F1050DA}.Default|Mixed Platforms.Build.0 = Debug|Any CPU
		{F608B80A-3195-43CE-B1F7-FBDC2F1050DA}.Default|x86.ActiveCfg = Debug|Any CPU
		{F608B80A-3195-43CE-B1F7-FBDC2F1050DA}.Release|Any CPU.ActiveCfg = Release|Any CPU
		{F608B80A-3195-43CE-B1F7-FBDC2F1050DA}.Release|Any CPU.Build.0 = Release|Any CPU
		{F608B80A-3195-43CE-B1F7-FBDC2F1050DA}.Release|Mixed Platforms.ActiveCfg = Release|Any CPU
		{F608B80A-3195-43CE-B1F7-FBDC2F1050DA}.Release|Mixed Platforms.Build.0 = Release|Any CPU
		{F608B80A-3195-43CE-B1F7-FBDC2F1050DA}.Release|x86.ActiveCfg = Release|Any CPU
		{125A7070-AA9F-4A6A-A328-6B744D578885}.Debug|Any CPU.ActiveCfg = Debug|Any CPU
		{125A7070-AA9F-4A6A-A328-6B744D578885}.Debug|Any CPU.Build.0 = Debug|Any CPU
		{125A7070-AA9F-4A6A-A328-6B744D578885}.Debug|Mixed Platforms.ActiveCfg = Debug|Any CPU
		{125A7070-AA9F-4A6A-A328-6B744D578885}.Debug|Mixed Platforms.Build.0 = Debug|Any CPU
		{125A7070-AA9F-4A6A-A328-6B744D578885}.Debug|x86.ActiveCfg = Debug|Any CPU
		{125A7070-AA9F-4A6A-A328-6B744D578885}.Default|Any CPU.ActiveCfg = Debug|Any CPU
		{125A7070-AA9F-4A6A-A328-6B744D578885}.Default|Any CPU.Build.0 = Debug|Any CPU
		{125A7070-AA9F-4A6A-A328-6B744D578885}.Default|Mixed Platforms.ActiveCfg = Debug|Any CPU
		{125A7070-AA9F-4A6A-A328-6B744D578885}.Default|Mixed Platforms.Build.0 = Debug|Any CPU
		{125A7070-AA9F-4A6A-A328-6B744D578885}.Default|x86.ActiveCfg = Debug|Any CPU
		{125A7070-AA9F-4A6A-A328-6B744D578885}.Release|Any CPU.ActiveCfg = Release|Any CPU
		{125A7070-AA9F-4A6A-A328-6B744D578885}.Release|Any CPU.Build.0 = Release|Any CPU
		{125A7070-AA9F-4A6A-A328-6B744D578885}.Release|Mixed Platforms.ActiveCfg = Release|Any CPU
		{125A7070-AA9F-4A6A-A328-6B744D578885}.Release|Mixed Platforms.Build.0 = Release|Any CPU
		{125A7070-AA9F-4A6A-A328-6B744D578885}.Release|x86.ActiveCfg = Release|Any CPU
		{3B4397D6-2F39-44F6-A200-3AE6454E793C}.Debug|Any CPU.ActiveCfg = Debug|Any CPU
		{3B4397D6-2F39-44F6-A200-3AE6454E793C}.Debug|Any CPU.Build.0 = Debug|Any CPU
		{3B4397D6-2F39-44F6-A200-3AE6454E793C}.Debug|Mixed Platforms.ActiveCfg = Debug|Any CPU
		{3B4397D6-2F39-44F6-A200-3AE6454E793C}.Debug|Mixed Platforms.Build.0 = Debug|Any CPU
		{3B4397D6-2F39-44F6-A200-3AE6454E793C}.Debug|x86.ActiveCfg = Debug|Any CPU
		{3B4397D6-2F39-44F6-A200-3AE6454E793C}.Default|Any CPU.ActiveCfg = Debug|Any CPU
		{3B4397D6-2F39-44F6-A200-3AE6454E793C}.Default|Any CPU.Build.0 = Debug|Any CPU
		{3B4397D6-2F39-44F6-A200-3AE6454E793C}.Default|Mixed Platforms.ActiveCfg = Debug|Any CPU
		{3B4397D6-2F39-44F6-A200-3AE6454E793C}.Default|Mixed Platforms.Build.0 = Debug|Any CPU
		{3B4397D6-2F39-44F6-A200-3AE6454E793C}.Default|x86.ActiveCfg = Debug|Any CPU
		{3B4397D6-2F39-44F6-A200-3AE6454E793C}.Release|Any CPU.ActiveCfg = Release|Any CPU
		{3B4397D6-2F39-44F6-A200-3AE6454E793C}.Release|Any CPU.Build.0 = Release|Any CPU
		{3B4397D6-2F39-44F6-A200-3AE6454E793C}.Release|Mixed Platforms.ActiveCfg = Release|Any CPU
		{3B4397D6-2F39-44F6-A200-3AE6454E793C}.Release|Mixed Platforms.Build.0 = Release|Any CPU
		{3B4397D6-2F39-44F6-A200-3AE6454E793C}.Release|x86.ActiveCfg = Release|Any CPU
		{AB030D3B-8B47-4545-86BA-48A8D2AFE020}.Debug|Any CPU.ActiveCfg = Debug|Any CPU
		{AB030D3B-8B47-4545-86BA-48A8D2AFE020}.Debug|Any CPU.Build.0 = Debug|Any CPU
		{AB030D3B-8B47-4545-86BA-48A8D2AFE020}.Debug|Mixed Platforms.ActiveCfg = Debug|Any CPU
		{AB030D3B-8B47-4545-86BA-48A8D2AFE020}.Debug|Mixed Platforms.Build.0 = Debug|Any CPU
		{AB030D3B-8B47-4545-86BA-48A8D2AFE020}.Debug|x86.ActiveCfg = Debug|Any CPU
		{AB030D3B-8B47-4545-86BA-48A8D2AFE020}.Default|Any CPU.ActiveCfg = Debug|Any CPU
		{AB030D3B-8B47-4545-86BA-48A8D2AFE020}.Default|Any CPU.Build.0 = Debug|Any CPU
		{AB030D3B-8B47-4545-86BA-48A8D2AFE020}.Default|Mixed Platforms.ActiveCfg = Debug|Any CPU
		{AB030D3B-8B47-4545-86BA-48A8D2AFE020}.Default|Mixed Platforms.Build.0 = Debug|Any CPU
		{AB030D3B-8B47-4545-86BA-48A8D2AFE020}.Default|x86.ActiveCfg = Debug|Any CPU
		{AB030D3B-8B47-4545-86BA-48A8D2AFE020}.Release|Any CPU.ActiveCfg = Release|Any CPU
		{AB030D3B-8B47-4545-86BA-48A8D2AFE020}.Release|Any CPU.Build.0 = Release|Any CPU
		{AB030D3B-8B47-4545-86BA-48A8D2AFE020}.Release|Mixed Platforms.ActiveCfg = Release|Any CPU
		{AB030D3B-8B47-4545-86BA-48A8D2AFE020}.Release|Mixed Platforms.Build.0 = Release|Any CPU
		{AB030D3B-8B47-4545-86BA-48A8D2AFE020}.Release|x86.ActiveCfg = Release|Any CPU
	EndGlobalSection
	GlobalSection(SolutionProperties) = preSolution
		HideSolutionNode = FALSE
	EndGlobalSection
	GlobalSection(MonoDevelopProperties) = preSolution
		BaseDirectory = src
		StartupItem = src\Kean.Test.Run\Kean.Test.Run.csproj
		Policies = $0
		$0.TextStylePolicy = $1
		$1.FileWidth = 120
		$1.TabWidth = 4
		$1.RemoveTrailingWhitespace = True
		$1.inheritsSet = Mono
		$1.inheritsScope = text/plain
		$1.scope = text/x-csharp
		$0.CSharpFormattingPolicy = $2
		$2.AnonymousMethodBraceStyle = NextLine
		$2.PropertyBraceStyle = NextLine
		$2.PropertyGetBraceStyle = NextLine
		$2.PropertySetBraceStyle = NextLine
		$2.EventBraceStyle = NextLine
		$2.EventAddBraceStyle = NextLine
		$2.EventRemoveBraceStyle = NextLine
		$2.StatementBraceStyle = NextLine
		$2.IfElseBraceForcement = RemoveBraces
		$2.ForBraceForcement = RemoveBraces
		$2.ForEachBraceForcement = RemoveBraces
		$2.WhileBraceForcement = RemoveBraces
		$2.UsingBraceForcement = RemoveBraces
		$2.FixedBraceForcement = RemoveBraces
		$2.PlaceElseOnNewLine = True
		$2.PlaceElseIfOnNewLine = True
		$2.PlaceCatchOnNewLine = True
		$2.PlaceFinallyOnNewLine = True
		$2.PlaceWhileOnNewLine = True
		$2.BeforeMethodDeclarationParentheses = False
		$2.BeforeMethodCallParentheses = False
		$2.BeforeConstructorDeclarationParentheses = False
		$2.BeforeDelegateDeclarationParentheses = False
		$2.NewParentheses = False
		$2.inheritsSet = Mono
		$2.inheritsScope = text/x-csharp
		$2.scope = text/x-csharp
		$0.TextStylePolicy = $3
		$3.inheritsSet = Mono
		$3.inheritsScope = text/plain
		$3.scope = text/plain
		$0.StandardHeader = $4
		$4.Text = @\n ${FileName}\n \n Author:\n      ${AuthorName} <${AuthorEmail}>\n \n Copyright (c) ${Year} ${CopyrightHolder}\n\n This program is free software: you can redistribute it and/or modify\n it under the terms of the GNU Lesser General Public License as published by\n the Free Software Foundation, either version 3 of the License, or\n (at your option) any later version.\n\n This program is distributed in the hope that it will be useful,\n but WITHOUT ANY WARRANTY; without even the implied warranty of\n MERCHANTABILITY or FITNESS FOR A PARTICULAR PURPOSE.  See the\n GNU Lesser General Public License for more details.\n\n You should have received a copy of the GNU Lesser General Public License\n along with this program.  If not, see <http://www.gnu.org/licenses/>.
		$4.IncludeInNewFiles = True
		$0.VersionControlPolicy = $5
		$5.inheritsSet = Mono
		$0.ChangeLogPolicy = $6
		$6.UpdateMode = None
		$6.MessageStyle = $7
		$7.LineAlign = 0
		$6.inheritsSet = Mono
		$0.DotNetNamingPolicy = $8
		$8.DirectoryNamespaceAssociation = PrefixedFlat
		$8.ResourceNamePolicy = FileFormatDefault
		outputpath = bin
	EndGlobalSection
EndGlobal
