
Microsoft Visual Studio Solution File, Format Version 10.00
# Visual Studio 2008
Project("{FAE04EC0-301F-11D3-BF4B-00C04F79EFBC}") = "Kean.Core.Basis", "src\Kean.Core.Basis\Kean.Core.Basis.csproj", "{C5A4BC48-C14F-4F6B-9564-E04C0A79B7C1}"
EndProject
Project("{FAE04EC0-301F-11D3-BF4B-00C04F79EFBC}") = "Kean.Core.Collection", "src\Kean.Core.Collection\Kean.Core.Collection.csproj", "{964EE8EB-6A7E-4B62-BDBC-37A29E9C0E3B}"
EndProject
Project("{FAE04EC0-301F-11D3-BF4B-00C04F79EFBC}") = "Kean.Core.Error", "src\Kean.Core.Error\Kean.Core.Error.csproj", "{9EE43841-CE0C-4943-BDFF-1C5E158A0BDB}"
EndProject
Project("{FAE04EC0-301F-11D3-BF4B-00C04F79EFBC}") = "Kean.Core.Notify", "src\Kean.Core.Notify\Kean.Core.Notify.csproj", "{3874FD1C-13EB-4746-99ED-E58DE3BF8BEA}"
EndProject
Project("{FAE04EC0-301F-11D3-BF4B-00C04F79EFBC}") = "Kean.Core.Configure", "src\Kean.Core.Configure\Kean.Core.Configure.csproj", "{5E44F980-7706-49A8-96F2-80DF5EF36A4A}"
EndProject
Project("{FAE04EC0-301F-11D3-BF4B-00C04F79EFBC}") = "Kean.Core.Reflect", "src\Kean.Core.Reflect\Kean.Core.Reflect.csproj", "{D44CAE32-71EA-4BD9-8A41-8EC84526B596}"
EndProject
Project("{FAE04EC0-301F-11D3-BF4B-00C04F79EFBC}") = "Kean.Core.Serialize", "src\Kean.Core.Serialize\Kean.Core.Serialize.csproj", "{06324516-5008-4A34-9C54-041F30F5A229}"
EndProject
Project("{FAE04EC0-301F-11D3-BF4B-00C04F79EFBC}") = "Kean.Core.Storage", "src\Kean.Core.Storage\Kean.Core.Storage.csproj", "{C385107F-C2D1-4651-8C9B-2B9858783193}"
EndProject
Project("{FAE04EC0-301F-11D3-BF4B-00C04F79EFBC}") = "Kean.Test.Core.Basis", "src\Kean.Test.Core.Basis\Kean.Test.Core.Basis.csproj", "{C7D3F01E-01B5-463E-A574-29B5F97E38BF}"
EndProject
Project("{FAE04EC0-301F-11D3-BF4B-00C04F79EFBC}") = "Kean.Test.Core.Collection", "src\Kean.Test.Core.Collection\Kean.Test.Core.Collection.csproj", "{598867CF-A027-46EA-A5C8-0EF7FD21A61C}"
EndProject
Project("{FAE04EC0-301F-11D3-BF4B-00C04F79EFBC}") = "Kean.Test.Core.Error", "src\Kean.Test.Core.Error\Kean.Test.Core.Error.csproj", "{BFF45F8C-EA7D-4B63-9DEB-8196AD061D10}"
EndProject
Project("{FAE04EC0-301F-11D3-BF4B-00C04F79EFBC}") = "Kean.Test.Run", "src\Kean.Test.Run\Kean.Test.Run.csproj", "{5E3AAF21-1E60-493D-B58B-66F1BDA18668}"
EndProject
Project("{FAE04EC0-301F-11D3-BF4B-00C04F79EFBC}") = "Kean.Communication.Sms", "src\Kean.Communication.Sms\Kean.Communication.Sms.csproj", "{65681DE0-A252-46AD-890B-948EFCC7FAE1}"
EndProject
Global
	GlobalSection(SolutionConfigurationPlatforms) = preSolution
		Debug|Any CPU = Debug|Any CPU
		Release|Any CPU = Release|Any CPU
	EndGlobalSection
	GlobalSection(ProjectConfigurationPlatforms) = postSolution
		{06324516-5008-4A34-9C54-041F30F5A229}.Debug|Any CPU.ActiveCfg = Debug|Any CPU
		{06324516-5008-4A34-9C54-041F30F5A229}.Debug|Any CPU.Build.0 = Debug|Any CPU
		{06324516-5008-4A34-9C54-041F30F5A229}.Release|Any CPU.ActiveCfg = Release|Any CPU
		{06324516-5008-4A34-9C54-041F30F5A229}.Release|Any CPU.Build.0 = Release|Any CPU
		{3874FD1C-13EB-4746-99ED-E58DE3BF8BEA}.Debug|Any CPU.ActiveCfg = Debug|Any CPU
		{3874FD1C-13EB-4746-99ED-E58DE3BF8BEA}.Debug|Any CPU.Build.0 = Debug|Any CPU
		{3874FD1C-13EB-4746-99ED-E58DE3BF8BEA}.Release|Any CPU.ActiveCfg = Release|Any CPU
		{3874FD1C-13EB-4746-99ED-E58DE3BF8BEA}.Release|Any CPU.Build.0 = Release|Any CPU
		{598867CF-A027-46EA-A5C8-0EF7FD21A61C}.Debug|Any CPU.ActiveCfg = Debug|Any CPU
		{598867CF-A027-46EA-A5C8-0EF7FD21A61C}.Debug|Any CPU.Build.0 = Debug|Any CPU
		{598867CF-A027-46EA-A5C8-0EF7FD21A61C}.Release|Any CPU.ActiveCfg = Release|Any CPU
		{598867CF-A027-46EA-A5C8-0EF7FD21A61C}.Release|Any CPU.Build.0 = Release|Any CPU
		{5E3AAF21-1E60-493D-B58B-66F1BDA18668}.Debug|Any CPU.ActiveCfg = Debug|Any CPU
		{5E3AAF21-1E60-493D-B58B-66F1BDA18668}.Debug|Any CPU.Build.0 = Debug|Any CPU
		{5E3AAF21-1E60-493D-B58B-66F1BDA18668}.Release|Any CPU.ActiveCfg = Release|Any CPU
		{5E3AAF21-1E60-493D-B58B-66F1BDA18668}.Release|Any CPU.Build.0 = Release|Any CPU
		{5E44F980-7706-49A8-96F2-80DF5EF36A4A}.Debug|Any CPU.ActiveCfg = Debug|Any CPU
		{5E44F980-7706-49A8-96F2-80DF5EF36A4A}.Debug|Any CPU.Build.0 = Debug|Any CPU
		{5E44F980-7706-49A8-96F2-80DF5EF36A4A}.Release|Any CPU.ActiveCfg = Release|Any CPU
		{5E44F980-7706-49A8-96F2-80DF5EF36A4A}.Release|Any CPU.Build.0 = Release|Any CPU
		{65681DE0-A252-46AD-890B-948EFCC7FAE1}.Debug|Any CPU.ActiveCfg = Debug|Any CPU
		{65681DE0-A252-46AD-890B-948EFCC7FAE1}.Debug|Any CPU.Build.0 = Debug|Any CPU
		{65681DE0-A252-46AD-890B-948EFCC7FAE1}.Release|Any CPU.ActiveCfg = Release|Any CPU
		{65681DE0-A252-46AD-890B-948EFCC7FAE1}.Release|Any CPU.Build.0 = Release|Any CPU
		{964EE8EB-6A7E-4B62-BDBC-37A29E9C0E3B}.Debug|Any CPU.ActiveCfg = Debug|Any CPU
		{964EE8EB-6A7E-4B62-BDBC-37A29E9C0E3B}.Debug|Any CPU.Build.0 = Debug|Any CPU
		{964EE8EB-6A7E-4B62-BDBC-37A29E9C0E3B}.Release|Any CPU.ActiveCfg = Release|Any CPU
		{964EE8EB-6A7E-4B62-BDBC-37A29E9C0E3B}.Release|Any CPU.Build.0 = Release|Any CPU
		{9EE43841-CE0C-4943-BDFF-1C5E158A0BDB}.Debug|Any CPU.ActiveCfg = Debug|Any CPU
		{9EE43841-CE0C-4943-BDFF-1C5E158A0BDB}.Debug|Any CPU.Build.0 = Debug|Any CPU
		{9EE43841-CE0C-4943-BDFF-1C5E158A0BDB}.Release|Any CPU.ActiveCfg = Release|Any CPU
		{9EE43841-CE0C-4943-BDFF-1C5E158A0BDB}.Release|Any CPU.Build.0 = Release|Any CPU
		{BFF45F8C-EA7D-4B63-9DEB-8196AD061D10}.Debug|Any CPU.ActiveCfg = Debug|Any CPU
		{BFF45F8C-EA7D-4B63-9DEB-8196AD061D10}.Debug|Any CPU.Build.0 = Debug|Any CPU
		{BFF45F8C-EA7D-4B63-9DEB-8196AD061D10}.Release|Any CPU.ActiveCfg = Release|Any CPU
		{BFF45F8C-EA7D-4B63-9DEB-8196AD061D10}.Release|Any CPU.Build.0 = Release|Any CPU
		{C385107F-C2D1-4651-8C9B-2B9858783193}.Debug|Any CPU.ActiveCfg = Debug|Any CPU
		{C385107F-C2D1-4651-8C9B-2B9858783193}.Debug|Any CPU.Build.0 = Debug|Any CPU
		{C385107F-C2D1-4651-8C9B-2B9858783193}.Release|Any CPU.ActiveCfg = Release|Any CPU
		{C385107F-C2D1-4651-8C9B-2B9858783193}.Release|Any CPU.Build.0 = Release|Any CPU
		{C5A4BC48-C14F-4F6B-9564-E04C0A79B7C1}.Debug|Any CPU.ActiveCfg = Debug|Any CPU
		{C5A4BC48-C14F-4F6B-9564-E04C0A79B7C1}.Debug|Any CPU.Build.0 = Debug|Any CPU
		{C5A4BC48-C14F-4F6B-9564-E04C0A79B7C1}.Release|Any CPU.ActiveCfg = Release|Any CPU
		{C5A4BC48-C14F-4F6B-9564-E04C0A79B7C1}.Release|Any CPU.Build.0 = Release|Any CPU
		{C7D3F01E-01B5-463E-A574-29B5F97E38BF}.Debug|Any CPU.ActiveCfg = Debug|Any CPU
		{C7D3F01E-01B5-463E-A574-29B5F97E38BF}.Debug|Any CPU.Build.0 = Debug|Any CPU
		{C7D3F01E-01B5-463E-A574-29B5F97E38BF}.Release|Any CPU.ActiveCfg = Release|Any CPU
		{C7D3F01E-01B5-463E-A574-29B5F97E38BF}.Release|Any CPU.Build.0 = Release|Any CPU
		{D44CAE32-71EA-4BD9-8A41-8EC84526B596}.Debug|Any CPU.ActiveCfg = Debug|Any CPU
		{D44CAE32-71EA-4BD9-8A41-8EC84526B596}.Debug|Any CPU.Build.0 = Debug|Any CPU
		{D44CAE32-71EA-4BD9-8A41-8EC84526B596}.Release|Any CPU.ActiveCfg = Release|Any CPU
		{D44CAE32-71EA-4BD9-8A41-8EC84526B596}.Release|Any CPU.Build.0 = Release|Any CPU
	EndGlobalSection
	GlobalSection(MonoDevelopProperties) = preSolution
		StartupItem = src\Kean.Test.Run\Kean.Test.Run.csproj
	EndGlobalSection
EndGlobal
